// !$*UTF8*$!
{
	archiveVersion = 1;
	classes = {
	};
	objectVersion = 46;
	objects = {

/* Begin PBXBuildFile section */
		171F45FC1A6843B300B0386E /* SDJSDate.m in Sources */ = {isa = PBXBuildFile; fileRef = 171F45FB1A6843B300B0386E /* SDJSDate.m */; };
		177DD1F41A76867A00EEB38C /* SDJSAlertScriptOutput.m in Sources */ = {isa = PBXBuildFile; fileRef = 177DD1F31A76867A00EEB38C /* SDJSAlertScriptOutput.m */; };
		17814BC61A7AAC4200C6A0D1 /* SDJSDatePickerScript.m in Sources */ = {isa = PBXBuildFile; fileRef = 17814BC51A7AAC4200C6A0D1 /* SDJSDatePickerScript.m */; };
		17814BC91A7AAC6100C6A0D1 /* SDJSDatePickerOutput.m in Sources */ = {isa = PBXBuildFile; fileRef = 17814BC81A7AAC6100C6A0D1 /* SDJSDatePickerOutput.m */; };
		17814BCD1A7AB8A400C6A0D1 /* SDJSScriptOutput.m in Sources */ = {isa = PBXBuildFile; fileRef = 17814BCC1A7AB8A400C6A0D1 /* SDJSScriptOutput.m */; };
		17814BD81A7ADCB200C6A0D1 /* NSData+SDExtensions.m in Sources */ = {isa = PBXBuildFile; fileRef = 17814BCF1A7ADCB200C6A0D1 /* NSData+SDExtensions.m */; };
		17814BD91A7ADCB200C6A0D1 /* NSString+SDExtensions.m in Sources */ = {isa = PBXBuildFile; fileRef = 17814BD11A7ADCB200C6A0D1 /* NSString+SDExtensions.m */; };
		17814BDA1A7ADCB200C6A0D1 /* SDLog.m in Sources */ = {isa = PBXBuildFile; fileRef = 17814BD31A7ADCB200C6A0D1 /* SDLog.m */; };
		17814BDB1A7ADCB200C6A0D1 /* SDPickerView.m in Sources */ = {isa = PBXBuildFile; fileRef = 17814BD51A7ADCB200C6A0D1 /* SDPickerView.m */; };
		17814BDC1A7ADCB200C6A0D1 /* UIColor+SDExtensions.m in Sources */ = {isa = PBXBuildFile; fileRef = 17814BD71A7ADCB200C6A0D1 /* UIColor+SDExtensions.m */; };
		17B5AA231A670139004465F1 /* SDJSBridgeScript+HandlerHelpers.m in Sources */ = {isa = PBXBuildFile; fileRef = 17B5A9F31A670139004465F1 /* SDJSBridgeScript+HandlerHelpers.m */; };
		17B5AA241A670139004465F1 /* SDJSHandlerScript.m in Sources */ = {isa = PBXBuildFile; fileRef = 17B5A9F51A670139004465F1 /* SDJSHandlerScript.m */; };
		17B5AA251A670139004465F1 /* SDJSAlertButton.m in Sources */ = {isa = PBXBuildFile; fileRef = 17B5A9FA1A670139004465F1 /* SDJSAlertButton.m */; };
		17B5AA261A670139004465F1 /* SDJSAlertOptions.m in Sources */ = {isa = PBXBuildFile; fileRef = 17B5A9FC1A670139004465F1 /* SDJSAlertOptions.m */; };
		17B5AA271A670139004465F1 /* SDJSAlertScript.m in Sources */ = {isa = PBXBuildFile; fileRef = 17B5A9FE1A670139004465F1 /* SDJSAlertScript.m */; };
		17B5AA281A670139004465F1 /* SDJSRadioDialogOptions.m in Sources */ = {isa = PBXBuildFile; fileRef = 17B5AA011A670139004465F1 /* SDJSRadioDialogOptions.m */; };
		17B5AA291A670139004465F1 /* SDJSRadioDialogScript.m in Sources */ = {isa = PBXBuildFile; fileRef = 17B5AA031A670139004465F1 /* SDJSRadioDialogScript.m */; };
		17B5AA2A1A670139004465F1 /* SDJSDialogOptions.m in Sources */ = {isa = PBXBuildFile; fileRef = 17B5AA051A670139004465F1 /* SDJSDialogOptions.m */; };
		17B5AA2B1A670139004465F1 /* SDJSWebDialogOptions.m in Sources */ = {isa = PBXBuildFile; fileRef = 17B5AA081A670139004465F1 /* SDJSWebDialogOptions.m */; };
		17B5AA2C1A670139004465F1 /* SDJSWebDialogScript.m in Sources */ = {isa = PBXBuildFile; fileRef = 17B5AA0A1A670139004465F1 /* SDJSWebDialogScript.m */; };
		17B5AA301A670139004465F1 /* SDJSNavigationScript.m in Sources */ = {isa = PBXBuildFile; fileRef = 17B5AA131A670139004465F1 /* SDJSNavigationScript.m */; };
		17B5AA311A670139004465F1 /* SDJSPlatformScript.m in Sources */ = {isa = PBXBuildFile; fileRef = 17B5AA151A670139004465F1 /* SDJSPlatformScript.m */; };
		17B5AA321A670139004465F1 /* SDJSProgressHUDScript.m in Sources */ = {isa = PBXBuildFile; fileRef = 17B5AA171A670139004465F1 /* SDJSProgressHUDScript.m */; };
		17B5AA331A670139004465F1 /* SDJSShareScript.m in Sources */ = {isa = PBXBuildFile; fileRef = 17B5AA1A1A670139004465F1 /* SDJSShareScript.m */; };
		17B5AA341A670139004465F1 /* SDJSShareService.m in Sources */ = {isa = PBXBuildFile; fileRef = 17B5AA1C1A670139004465F1 /* SDJSShareService.m */; };
		17B5AA351A670139004465F1 /* SDJSBridgeInfo.m in Sources */ = {isa = PBXBuildFile; fileRef = 17B5AA1E1A670139004465F1 /* SDJSBridgeInfo.m */; };
		17B5AA361A670139004465F1 /* SDJSBridgeResponder.m in Sources */ = {isa = PBXBuildFile; fileRef = 17B5AA201A670139004465F1 /* SDJSBridgeResponder.m */; };
		17B5AA371A670139004465F1 /* SDJSBridgeScript.m in Sources */ = {isa = PBXBuildFile; fileRef = 17B5AA221A670139004465F1 /* SDJSBridgeScript.m */; };
		19377A8A1A32259E00B10CEB /* SDJSShareServiceTests.m in Sources */ = {isa = PBXBuildFile; fileRef = 19377A891A32259E00B10CEB /* SDJSShareServiceTests.m */; };
		19377A8C1A3227A700B10CEB /* SDJSShareScriptTests.m in Sources */ = {isa = PBXBuildFile; fileRef = 19377A8B1A3227A700B10CEB /* SDJSShareScriptTests.m */; };
		19377A8E1A36324100B10CEB /* SDJSProgressAPITests.m in Sources */ = {isa = PBXBuildFile; fileRef = 19377A8D1A36324100B10CEB /* SDJSProgressAPITests.m */; };
		19377A901A36364900B10CEB /* SDJSTopLevelAPITests.m in Sources */ = {isa = PBXBuildFile; fileRef = 19377A8F1A36364900B10CEB /* SDJSTopLevelAPITests.m */; };
		19377A921A3742B700B10CEB /* SDJSBridgeTests.m in Sources */ = {isa = PBXBuildFile; fileRef = 19377A911A3742B700B10CEB /* SDJSBridgeTests.m */; };
		19377A941A3754EF00B10CEB /* SDJSBridgeResponderTests.m in Sources */ = {isa = PBXBuildFile; fileRef = 19377A931A3754EF00B10CEB /* SDJSBridgeResponderTests.m */; };
		196650541A02C04300AAC405 /* example1.html in Resources */ = {isa = PBXBuildFile; fileRef = 196650531A02C04300AAC405 /* example1.html */; };
		196C1F301A2CF14F008E7FD3 /* example2.html in Resources */ = {isa = PBXBuildFile; fileRef = 196C1F2F1A2CF14F008E7FD3 /* example2.html */; };
		19842F761A389E7500C73C98 /* SDWebViewControllerTests.m in Sources */ = {isa = PBXBuildFile; fileRef = 19842F751A389E7500C73C98 /* SDWebViewControllerTests.m */; };
		19842F791A38A78F00C73C98 /* SDJSTestScriptObject.m in Sources */ = {isa = PBXBuildFile; fileRef = 19842F781A38A78F00C73C98 /* SDJSTestScriptObject.m */; };
		19A68C521A1B9E8600D5D057 /* NSString+SDJSExtensions.m in Sources */ = {isa = PBXBuildFile; fileRef = 19A68C511A1B9E8600D5D057 /* NSString+SDJSExtensions.m */; };
		19B3B9AE1A2FA21B009A5137 /* XCTestCase+ExampleAppUtilities.m in Sources */ = {isa = PBXBuildFile; fileRef = 19B3B9AD1A2FA21B009A5137 /* XCTestCase+ExampleAppUtilities.m */; };
		CA0249D119E70B10007CAAC7 /* main.m in Sources */ = {isa = PBXBuildFile; fileRef = CA0249D019E70B10007CAAC7 /* main.m */; };
		CA0249D419E70B10007CAAC7 /* AppDelegate.m in Sources */ = {isa = PBXBuildFile; fileRef = CA0249D319E70B10007CAAC7 /* AppDelegate.m */; };
		CA0249DC19E70B10007CAAC7 /* Images.xcassets in Resources */ = {isa = PBXBuildFile; fileRef = CA0249DB19E70B10007CAAC7 /* Images.xcassets */; };
		CA0249DF19E70B10007CAAC7 /* LaunchScreen.xib in Resources */ = {isa = PBXBuildFile; fileRef = CA0249DD19E70B10007CAAC7 /* LaunchScreen.xib */; };
		CA0249F719E70B81007CAAC7 /* SDJSBridge.m in Sources */ = {isa = PBXBuildFile; fileRef = CA0249F619E70B81007CAAC7 /* SDJSBridge.m */; };
		CA0249F819E70B81007CAAC7 /* SDJSBridge.m in Sources */ = {isa = PBXBuildFile; fileRef = CA0249F619E70B81007CAAC7 /* SDJSBridge.m */; };
		CA0249FB19E70C23007CAAC7 /* UIWebView+SDJSExtensions.m in Sources */ = {isa = PBXBuildFile; fileRef = CA0249FA19E70C23007CAAC7 /* UIWebView+SDJSExtensions.m */; };
		CA0249FC19E70C23007CAAC7 /* UIWebView+SDJSExtensions.m in Sources */ = {isa = PBXBuildFile; fileRef = CA0249FA19E70C23007CAAC7 /* UIWebView+SDJSExtensions.m */; };
		CA0249FF19E70FFF007CAAC7 /* SDWebViewController.m in Sources */ = {isa = PBXBuildFile; fileRef = CA0249FE19E70FFF007CAAC7 /* SDWebViewController.m */; };
		CA024A0019E70FFF007CAAC7 /* SDWebViewController.m in Sources */ = {isa = PBXBuildFile; fileRef = CA0249FE19E70FFF007CAAC7 /* SDWebViewController.m */; };
		CA024A1019E88463007CAAC7 /* Global-iOS.xcconfig in Resources */ = {isa = PBXBuildFile; fileRef = CA024A0C19E88463007CAAC7 /* Global-iOS.xcconfig */; };
		CA024A1119E88463007CAAC7 /* Global-iOS.xcconfig in Resources */ = {isa = PBXBuildFile; fileRef = CA024A0C19E88463007CAAC7 /* Global-iOS.xcconfig */; };
		CA024A1219E88463007CAAC7 /* Project-iOS-Debug.xcconfig in Resources */ = {isa = PBXBuildFile; fileRef = CA024A0D19E88463007CAAC7 /* Project-iOS-Debug.xcconfig */; };
		CA024A1319E88463007CAAC7 /* Project-iOS-Debug.xcconfig in Resources */ = {isa = PBXBuildFile; fileRef = CA024A0D19E88463007CAAC7 /* Project-iOS-Debug.xcconfig */; };
		CA024A1419E88463007CAAC7 /* Project-iOS-Release.xcconfig in Resources */ = {isa = PBXBuildFile; fileRef = CA024A0E19E88463007CAAC7 /* Project-iOS-Release.xcconfig */; };
		CA024A1519E88463007CAAC7 /* Project-iOS-Release.xcconfig in Resources */ = {isa = PBXBuildFile; fileRef = CA024A0E19E88463007CAAC7 /* Project-iOS-Release.xcconfig */; };
		CA024A1C19E885C9007CAAC7 /* JavaScriptCore.framework in Frameworks */ = {isa = PBXBuildFile; fileRef = CA024A1B19E885C9007CAAC7 /* JavaScriptCore.framework */; };
/* End PBXBuildFile section */

/* Begin PBXContainerItemProxy section */
		CA0249E519E70B10007CAAC7 /* PBXContainerItemProxy */ = {
			isa = PBXContainerItemProxy;
			containerPortal = CA0249C319E70B10007CAAC7 /* Project object */;
			proxyType = 1;
			remoteGlobalIDString = CA0249CA19E70B10007CAAC7;
			remoteInfo = SDJSBridgeExample;
		};
/* End PBXContainerItemProxy section */

/* Begin PBXFileReference section */
		171F45FA1A6843B300B0386E /* SDJSDate.h */ = {isa = PBXFileReference; fileEncoding = 4; lastKnownFileType = sourcecode.c.h; path = SDJSDate.h; sourceTree = "<group>"; };
		171F45FB1A6843B300B0386E /* SDJSDate.m */ = {isa = PBXFileReference; fileEncoding = 4; lastKnownFileType = sourcecode.c.objc; path = SDJSDate.m; sourceTree = "<group>"; };
		177DD1F21A76867A00EEB38C /* SDJSAlertScriptOutput.h */ = {isa = PBXFileReference; fileEncoding = 4; lastKnownFileType = sourcecode.c.h; path = SDJSAlertScriptOutput.h; sourceTree = "<group>"; };
		177DD1F31A76867A00EEB38C /* SDJSAlertScriptOutput.m */ = {isa = PBXFileReference; fileEncoding = 4; lastKnownFileType = sourcecode.c.objc; path = SDJSAlertScriptOutput.m; sourceTree = "<group>"; };
		17814BC41A7AAC4200C6A0D1 /* SDJSDatePickerScript.h */ = {isa = PBXFileReference; fileEncoding = 4; lastKnownFileType = sourcecode.c.h; path = SDJSDatePickerScript.h; sourceTree = "<group>"; };
		17814BC51A7AAC4200C6A0D1 /* SDJSDatePickerScript.m */ = {isa = PBXFileReference; fileEncoding = 4; lastKnownFileType = sourcecode.c.objc; path = SDJSDatePickerScript.m; sourceTree = "<group>"; };
		17814BC71A7AAC6100C6A0D1 /* SDJSDatePickerOutput.h */ = {isa = PBXFileReference; fileEncoding = 4; lastKnownFileType = sourcecode.c.h; path = SDJSDatePickerOutput.h; sourceTree = "<group>"; };
		17814BC81A7AAC6100C6A0D1 /* SDJSDatePickerOutput.m */ = {isa = PBXFileReference; fileEncoding = 4; lastKnownFileType = sourcecode.c.objc; path = SDJSDatePickerOutput.m; sourceTree = "<group>"; };
		17814BCB1A7AB8A400C6A0D1 /* SDJSScriptOutput.h */ = {isa = PBXFileReference; fileEncoding = 4; lastKnownFileType = sourcecode.c.h; path = SDJSScriptOutput.h; sourceTree = "<group>"; };
		17814BCC1A7AB8A400C6A0D1 /* SDJSScriptOutput.m */ = {isa = PBXFileReference; fileEncoding = 4; lastKnownFileType = sourcecode.c.objc; path = SDJSScriptOutput.m; sourceTree = "<group>"; };
		17814BCE1A7ADCB200C6A0D1 /* NSData+SDExtensions.h */ = {isa = PBXFileReference; fileEncoding = 4; lastKnownFileType = sourcecode.c.h; path = "NSData+SDExtensions.h"; sourceTree = "<group>"; };
		17814BCF1A7ADCB200C6A0D1 /* NSData+SDExtensions.m */ = {isa = PBXFileReference; fileEncoding = 4; lastKnownFileType = sourcecode.c.objc; path = "NSData+SDExtensions.m"; sourceTree = "<group>"; };
		17814BD01A7ADCB200C6A0D1 /* NSString+SDExtensions.h */ = {isa = PBXFileReference; fileEncoding = 4; lastKnownFileType = sourcecode.c.h; path = "NSString+SDExtensions.h"; sourceTree = "<group>"; };
		17814BD11A7ADCB200C6A0D1 /* NSString+SDExtensions.m */ = {isa = PBXFileReference; fileEncoding = 4; lastKnownFileType = sourcecode.c.objc; path = "NSString+SDExtensions.m"; sourceTree = "<group>"; };
		17814BD21A7ADCB200C6A0D1 /* SDLog.h */ = {isa = PBXFileReference; fileEncoding = 4; lastKnownFileType = sourcecode.c.h; path = SDLog.h; sourceTree = "<group>"; };
		17814BD31A7ADCB200C6A0D1 /* SDLog.m */ = {isa = PBXFileReference; fileEncoding = 4; lastKnownFileType = sourcecode.c.objc; path = SDLog.m; sourceTree = "<group>"; };
		17814BD41A7ADCB200C6A0D1 /* SDPickerView.h */ = {isa = PBXFileReference; fileEncoding = 4; lastKnownFileType = sourcecode.c.h; path = SDPickerView.h; sourceTree = "<group>"; };
		17814BD51A7ADCB200C6A0D1 /* SDPickerView.m */ = {isa = PBXFileReference; fileEncoding = 4; lastKnownFileType = sourcecode.c.objc; path = SDPickerView.m; sourceTree = "<group>"; };
		17814BD61A7ADCB200C6A0D1 /* UIColor+SDExtensions.h */ = {isa = PBXFileReference; fileEncoding = 4; lastKnownFileType = sourcecode.c.h; path = "UIColor+SDExtensions.h"; sourceTree = "<group>"; };
		17814BD71A7ADCB200C6A0D1 /* UIColor+SDExtensions.m */ = {isa = PBXFileReference; fileEncoding = 4; lastKnownFileType = sourcecode.c.objc; path = "UIColor+SDExtensions.m"; sourceTree = "<group>"; };
		17B5A9F21A670139004465F1 /* SDJSBridgeScript+HandlerHelpers.h */ = {isa = PBXFileReference; fileEncoding = 4; lastKnownFileType = sourcecode.c.h; path = "SDJSBridgeScript+HandlerHelpers.h"; sourceTree = "<group>"; };
		17B5A9F31A670139004465F1 /* SDJSBridgeScript+HandlerHelpers.m */ = {isa = PBXFileReference; fileEncoding = 4; lastKnownFileType = sourcecode.c.objc; path = "SDJSBridgeScript+HandlerHelpers.m"; sourceTree = "<group>"; };
		17B5A9F41A670139004465F1 /* SDJSHandlerScript.h */ = {isa = PBXFileReference; fileEncoding = 4; lastKnownFileType = sourcecode.c.h; path = SDJSHandlerScript.h; sourceTree = "<group>"; };
		17B5A9F51A670139004465F1 /* SDJSHandlerScript.m */ = {isa = PBXFileReference; fileEncoding = 4; lastKnownFileType = sourcecode.c.objc; path = SDJSHandlerScript.m; sourceTree = "<group>"; };
		17B5A9F91A670139004465F1 /* SDJSAlertButton.h */ = {isa = PBXFileReference; fileEncoding = 4; lastKnownFileType = sourcecode.c.h; path = SDJSAlertButton.h; sourceTree = "<group>"; };
		17B5A9FA1A670139004465F1 /* SDJSAlertButton.m */ = {isa = PBXFileReference; fileEncoding = 4; lastKnownFileType = sourcecode.c.objc; path = SDJSAlertButton.m; sourceTree = "<group>"; };
		17B5A9FB1A670139004465F1 /* SDJSAlertOptions.h */ = {isa = PBXFileReference; fileEncoding = 4; lastKnownFileType = sourcecode.c.h; path = SDJSAlertOptions.h; sourceTree = "<group>"; };
		17B5A9FC1A670139004465F1 /* SDJSAlertOptions.m */ = {isa = PBXFileReference; fileEncoding = 4; lastKnownFileType = sourcecode.c.objc; path = SDJSAlertOptions.m; sourceTree = "<group>"; };
		17B5A9FD1A670139004465F1 /* SDJSAlertScript.h */ = {isa = PBXFileReference; fileEncoding = 4; lastKnownFileType = sourcecode.c.h; path = SDJSAlertScript.h; sourceTree = "<group>"; };
		17B5A9FE1A670139004465F1 /* SDJSAlertScript.m */ = {isa = PBXFileReference; fileEncoding = 4; lastKnownFileType = sourcecode.c.objc; path = SDJSAlertScript.m; sourceTree = "<group>"; };
		17B5AA001A670139004465F1 /* SDJSRadioDialogOptions.h */ = {isa = PBXFileReference; fileEncoding = 4; lastKnownFileType = sourcecode.c.h; path = SDJSRadioDialogOptions.h; sourceTree = "<group>"; };
		17B5AA011A670139004465F1 /* SDJSRadioDialogOptions.m */ = {isa = PBXFileReference; fileEncoding = 4; lastKnownFileType = sourcecode.c.objc; path = SDJSRadioDialogOptions.m; sourceTree = "<group>"; };
		17B5AA021A670139004465F1 /* SDJSRadioDialogScript.h */ = {isa = PBXFileReference; fileEncoding = 4; lastKnownFileType = sourcecode.c.h; path = SDJSRadioDialogScript.h; sourceTree = "<group>"; };
		17B5AA031A670139004465F1 /* SDJSRadioDialogScript.m */ = {isa = PBXFileReference; fileEncoding = 4; lastKnownFileType = sourcecode.c.objc; path = SDJSRadioDialogScript.m; sourceTree = "<group>"; };
		17B5AA041A670139004465F1 /* SDJSDialogOptions.h */ = {isa = PBXFileReference; fileEncoding = 4; lastKnownFileType = sourcecode.c.h; path = SDJSDialogOptions.h; sourceTree = "<group>"; };
		17B5AA051A670139004465F1 /* SDJSDialogOptions.m */ = {isa = PBXFileReference; fileEncoding = 4; lastKnownFileType = sourcecode.c.objc; path = SDJSDialogOptions.m; sourceTree = "<group>"; };
		17B5AA071A670139004465F1 /* SDJSWebDialogOptions.h */ = {isa = PBXFileReference; fileEncoding = 4; lastKnownFileType = sourcecode.c.h; path = SDJSWebDialogOptions.h; sourceTree = "<group>"; };
		17B5AA081A670139004465F1 /* SDJSWebDialogOptions.m */ = {isa = PBXFileReference; fileEncoding = 4; lastKnownFileType = sourcecode.c.objc; path = SDJSWebDialogOptions.m; sourceTree = "<group>"; };
		17B5AA091A670139004465F1 /* SDJSWebDialogScript.h */ = {isa = PBXFileReference; fileEncoding = 4; lastKnownFileType = sourcecode.c.h; path = SDJSWebDialogScript.h; sourceTree = "<group>"; };
		17B5AA0A1A670139004465F1 /* SDJSWebDialogScript.m */ = {isa = PBXFileReference; fileEncoding = 4; lastKnownFileType = sourcecode.c.objc; path = SDJSWebDialogScript.m; sourceTree = "<group>"; };
		17B5AA121A670139004465F1 /* SDJSNavigationScript.h */ = {isa = PBXFileReference; fileEncoding = 4; lastKnownFileType = sourcecode.c.h; path = SDJSNavigationScript.h; sourceTree = "<group>"; };
		17B5AA131A670139004465F1 /* SDJSNavigationScript.m */ = {isa = PBXFileReference; fileEncoding = 4; lastKnownFileType = sourcecode.c.objc; path = SDJSNavigationScript.m; sourceTree = "<group>"; };
		17B5AA141A670139004465F1 /* SDJSPlatformScript.h */ = {isa = PBXFileReference; fileEncoding = 4; lastKnownFileType = sourcecode.c.h; path = SDJSPlatformScript.h; sourceTree = "<group>"; };
		17B5AA151A670139004465F1 /* SDJSPlatformScript.m */ = {isa = PBXFileReference; fileEncoding = 4; lastKnownFileType = sourcecode.c.objc; path = SDJSPlatformScript.m; sourceTree = "<group>"; };
		17B5AA161A670139004465F1 /* SDJSProgressHUDScript.h */ = {isa = PBXFileReference; fileEncoding = 4; lastKnownFileType = sourcecode.c.h; path = SDJSProgressHUDScript.h; sourceTree = "<group>"; };
		17B5AA171A670139004465F1 /* SDJSProgressHUDScript.m */ = {isa = PBXFileReference; fileEncoding = 4; lastKnownFileType = sourcecode.c.objc; path = SDJSProgressHUDScript.m; sourceTree = "<group>"; };
		17B5AA191A670139004465F1 /* SDJSShareScript.h */ = {isa = PBXFileReference; fileEncoding = 4; lastKnownFileType = sourcecode.c.h; path = SDJSShareScript.h; sourceTree = "<group>"; };
		17B5AA1A1A670139004465F1 /* SDJSShareScript.m */ = {isa = PBXFileReference; fileEncoding = 4; lastKnownFileType = sourcecode.c.objc; path = SDJSShareScript.m; sourceTree = "<group>"; };
		17B5AA1B1A670139004465F1 /* SDJSShareService.h */ = {isa = PBXFileReference; fileEncoding = 4; lastKnownFileType = sourcecode.c.h; path = SDJSShareService.h; sourceTree = "<group>"; };
		17B5AA1C1A670139004465F1 /* SDJSShareService.m */ = {isa = PBXFileReference; fileEncoding = 4; lastKnownFileType = sourcecode.c.objc; path = SDJSShareService.m; sourceTree = "<group>"; };
		17B5AA1D1A670139004465F1 /* SDJSBridgeInfo.h */ = {isa = PBXFileReference; fileEncoding = 4; lastKnownFileType = sourcecode.c.h; path = SDJSBridgeInfo.h; sourceTree = "<group>"; };
		17B5AA1E1A670139004465F1 /* SDJSBridgeInfo.m */ = {isa = PBXFileReference; fileEncoding = 4; lastKnownFileType = sourcecode.c.objc; path = SDJSBridgeInfo.m; sourceTree = "<group>"; };
		17B5AA1F1A670139004465F1 /* SDJSBridgeResponder.h */ = {isa = PBXFileReference; fileEncoding = 4; lastKnownFileType = sourcecode.c.h; path = SDJSBridgeResponder.h; sourceTree = "<group>"; };
		17B5AA201A670139004465F1 /* SDJSBridgeResponder.m */ = {isa = PBXFileReference; fileEncoding = 4; lastKnownFileType = sourcecode.c.objc; path = SDJSBridgeResponder.m; sourceTree = "<group>"; };
		17B5AA211A670139004465F1 /* SDJSBridgeScript.h */ = {isa = PBXFileReference; fileEncoding = 4; lastKnownFileType = sourcecode.c.h; path = SDJSBridgeScript.h; sourceTree = "<group>"; };
		17B5AA221A670139004465F1 /* SDJSBridgeScript.m */ = {isa = PBXFileReference; fileEncoding = 4; lastKnownFileType = sourcecode.c.objc; path = SDJSBridgeScript.m; sourceTree = "<group>"; };
		19377A891A32259E00B10CEB /* SDJSShareServiceTests.m */ = {isa = PBXFileReference; fileEncoding = 4; lastKnownFileType = sourcecode.c.objc; path = SDJSShareServiceTests.m; sourceTree = "<group>"; };
		19377A8B1A3227A700B10CEB /* SDJSShareScriptTests.m */ = {isa = PBXFileReference; fileEncoding = 4; lastKnownFileType = sourcecode.c.objc; path = SDJSShareScriptTests.m; sourceTree = "<group>"; };
		19377A8D1A36324100B10CEB /* SDJSProgressAPITests.m */ = {isa = PBXFileReference; fileEncoding = 4; lastKnownFileType = sourcecode.c.objc; path = SDJSProgressAPITests.m; sourceTree = "<group>"; };
		19377A8F1A36364900B10CEB /* SDJSTopLevelAPITests.m */ = {isa = PBXFileReference; fileEncoding = 4; lastKnownFileType = sourcecode.c.objc; path = SDJSTopLevelAPITests.m; sourceTree = "<group>"; };
		19377A911A3742B700B10CEB /* SDJSBridgeTests.m */ = {isa = PBXFileReference; fileEncoding = 4; lastKnownFileType = sourcecode.c.objc; path = SDJSBridgeTests.m; sourceTree = "<group>"; };
		19377A931A3754EF00B10CEB /* SDJSBridgeResponderTests.m */ = {isa = PBXFileReference; fileEncoding = 4; lastKnownFileType = sourcecode.c.objc; path = SDJSBridgeResponderTests.m; sourceTree = "<group>"; };
		196650531A02C04300AAC405 /* example1.html */ = {isa = PBXFileReference; fileEncoding = 4; lastKnownFileType = text.html; path = example1.html; sourceTree = "<group>"; };
		196C1F2F1A2CF14F008E7FD3 /* example2.html */ = {isa = PBXFileReference; fileEncoding = 4; lastKnownFileType = text.html; path = example2.html; sourceTree = "<group>"; };
		19842F751A389E7500C73C98 /* SDWebViewControllerTests.m */ = {isa = PBXFileReference; fileEncoding = 4; lastKnownFileType = sourcecode.c.objc; path = SDWebViewControllerTests.m; sourceTree = "<group>"; };
		19842F771A38A78F00C73C98 /* SDJSTestScriptObject.h */ = {isa = PBXFileReference; fileEncoding = 4; lastKnownFileType = sourcecode.c.h; path = SDJSTestScriptObject.h; sourceTree = "<group>"; };
		19842F781A38A78F00C73C98 /* SDJSTestScriptObject.m */ = {isa = PBXFileReference; fileEncoding = 4; lastKnownFileType = sourcecode.c.objc; path = SDJSTestScriptObject.m; sourceTree = "<group>"; };
		19A68C501A1B9E8600D5D057 /* NSString+SDJSExtensions.h */ = {isa = PBXFileReference; fileEncoding = 4; lastKnownFileType = sourcecode.c.h; path = "NSString+SDJSExtensions.h"; sourceTree = "<group>"; };
		19A68C511A1B9E8600D5D057 /* NSString+SDJSExtensions.m */ = {isa = PBXFileReference; fileEncoding = 4; lastKnownFileType = sourcecode.c.objc; path = "NSString+SDJSExtensions.m"; sourceTree = "<group>"; };
		19B3B9AC1A2FA21B009A5137 /* XCTestCase+ExampleAppUtilities.h */ = {isa = PBXFileReference; fileEncoding = 4; lastKnownFileType = sourcecode.c.h; path = "XCTestCase+ExampleAppUtilities.h"; sourceTree = "<group>"; };
		19B3B9AD1A2FA21B009A5137 /* XCTestCase+ExampleAppUtilities.m */ = {isa = PBXFileReference; fileEncoding = 4; lastKnownFileType = sourcecode.c.objc; path = "XCTestCase+ExampleAppUtilities.m"; sourceTree = "<group>"; };
		CA0249CB19E70B10007CAAC7 /* SDJSBridgeExample.app */ = {isa = PBXFileReference; explicitFileType = wrapper.application; includeInIndex = 0; path = SDJSBridgeExample.app; sourceTree = BUILT_PRODUCTS_DIR; };
		CA0249CF19E70B10007CAAC7 /* Info.plist */ = {isa = PBXFileReference; lastKnownFileType = text.plist.xml; path = Info.plist; sourceTree = "<group>"; };
		CA0249D019E70B10007CAAC7 /* main.m */ = {isa = PBXFileReference; lastKnownFileType = sourcecode.c.objc; path = main.m; sourceTree = "<group>"; };
		CA0249D219E70B10007CAAC7 /* AppDelegate.h */ = {isa = PBXFileReference; lastKnownFileType = sourcecode.c.h; path = AppDelegate.h; sourceTree = "<group>"; };
		CA0249D319E70B10007CAAC7 /* AppDelegate.m */ = {isa = PBXFileReference; lastKnownFileType = sourcecode.c.objc; path = AppDelegate.m; sourceTree = "<group>"; };
		CA0249DB19E70B10007CAAC7 /* Images.xcassets */ = {isa = PBXFileReference; lastKnownFileType = folder.assetcatalog; path = Images.xcassets; sourceTree = "<group>"; };
		CA0249DE19E70B10007CAAC7 /* Base */ = {isa = PBXFileReference; lastKnownFileType = file.xib; name = Base; path = Base.lproj/LaunchScreen.xib; sourceTree = "<group>"; };
		CA0249E419E70B10007CAAC7 /* SDJSBridgeExampleTests.xctest */ = {isa = PBXFileReference; explicitFileType = wrapper.cfbundle; includeInIndex = 0; path = SDJSBridgeExampleTests.xctest; sourceTree = BUILT_PRODUCTS_DIR; };
		CA0249E919E70B10007CAAC7 /* Info.plist */ = {isa = PBXFileReference; lastKnownFileType = text.plist.xml; path = Info.plist; sourceTree = "<group>"; };
		CA0249F519E70B81007CAAC7 /* SDJSBridge.h */ = {isa = PBXFileReference; fileEncoding = 4; lastKnownFileType = sourcecode.c.h; path = SDJSBridge.h; sourceTree = "<group>"; };
		CA0249F619E70B81007CAAC7 /* SDJSBridge.m */ = {isa = PBXFileReference; fileEncoding = 4; lastKnownFileType = sourcecode.c.objc; path = SDJSBridge.m; sourceTree = "<group>"; };
		CA0249F919E70C23007CAAC7 /* UIWebView+SDJSExtensions.h */ = {isa = PBXFileReference; fileEncoding = 4; lastKnownFileType = sourcecode.c.h; path = "UIWebView+SDJSExtensions.h"; sourceTree = "<group>"; };
		CA0249FA19E70C23007CAAC7 /* UIWebView+SDJSExtensions.m */ = {isa = PBXFileReference; fileEncoding = 4; lastKnownFileType = sourcecode.c.objc; path = "UIWebView+SDJSExtensions.m"; sourceTree = "<group>"; };
		CA0249FD19E70FFF007CAAC7 /* SDWebViewController.h */ = {isa = PBXFileReference; fileEncoding = 4; lastKnownFileType = sourcecode.c.h; path = SDWebViewController.h; sourceTree = "<group>"; };
		CA0249FE19E70FFF007CAAC7 /* SDWebViewController.m */ = {isa = PBXFileReference; fileEncoding = 4; lastKnownFileType = sourcecode.c.objc; path = SDWebViewController.m; sourceTree = "<group>"; };
		CA024A0C19E88463007CAAC7 /* Global-iOS.xcconfig */ = {isa = PBXFileReference; fileEncoding = 4; lastKnownFileType = text.xcconfig; path = "Global-iOS.xcconfig"; sourceTree = "<group>"; };
		CA024A0D19E88463007CAAC7 /* Project-iOS-Debug.xcconfig */ = {isa = PBXFileReference; fileEncoding = 4; lastKnownFileType = text.xcconfig; path = "Project-iOS-Debug.xcconfig"; sourceTree = "<group>"; };
		CA024A0E19E88463007CAAC7 /* Project-iOS-Release.xcconfig */ = {isa = PBXFileReference; fileEncoding = 4; lastKnownFileType = text.xcconfig; path = "Project-iOS-Release.xcconfig"; sourceTree = "<group>"; };
		CA024A1919E884EF007CAAC7 /* ObjectiveCGenerics.h */ = {isa = PBXFileReference; fileEncoding = 4; lastKnownFileType = sourcecode.c.h; path = ObjectiveCGenerics.h; sourceTree = "<group>"; };
		CA024A1A19E884EF007CAAC7 /* SDMacros.h */ = {isa = PBXFileReference; fileEncoding = 4; lastKnownFileType = sourcecode.c.h; path = SDMacros.h; sourceTree = "<group>"; };
		CA024A1B19E885C9007CAAC7 /* JavaScriptCore.framework */ = {isa = PBXFileReference; lastKnownFileType = wrapper.framework; name = JavaScriptCore.framework; path = System/Library/Frameworks/JavaScriptCore.framework; sourceTree = SDKROOT; };
/* End PBXFileReference section */

/* Begin PBXFrameworksBuildPhase section */
		CA0249C819E70B10007CAAC7 /* Frameworks */ = {
			isa = PBXFrameworksBuildPhase;
			buildActionMask = 2147483647;
			files = (
				CA024A1C19E885C9007CAAC7 /* JavaScriptCore.framework in Frameworks */,
			);
			runOnlyForDeploymentPostprocessing = 0;
		};
		CA0249E119E70B10007CAAC7 /* Frameworks */ = {
			isa = PBXFrameworksBuildPhase;
			buildActionMask = 2147483647;
			files = (
			);
			runOnlyForDeploymentPostprocessing = 0;
		};
/* End PBXFrameworksBuildPhase section */

/* Begin PBXGroup section */
		1723A0891A6D85F100200488 /* External */ = {
			isa = PBXGroup;
			children = (
				17814BCE1A7ADCB200C6A0D1 /* NSData+SDExtensions.h */,
				17814BCF1A7ADCB200C6A0D1 /* NSData+SDExtensions.m */,
				17814BD01A7ADCB200C6A0D1 /* NSString+SDExtensions.h */,
				17814BD11A7ADCB200C6A0D1 /* NSString+SDExtensions.m */,
				17814BD21A7ADCB200C6A0D1 /* SDLog.h */,
				17814BD31A7ADCB200C6A0D1 /* SDLog.m */,
				17814BD41A7ADCB200C6A0D1 /* SDPickerView.h */,
				17814BD51A7ADCB200C6A0D1 /* SDPickerView.m */,
				17814BD61A7ADCB200C6A0D1 /* UIColor+SDExtensions.h */,
				17814BD71A7ADCB200C6A0D1 /* UIColor+SDExtensions.m */,
			);
			name = External;
			path = ../../External;
			sourceTree = "<group>";
		};
		17814BC31A7AAC4200C6A0D1 /* Date Picker */ = {
			isa = PBXGroup;
			children = (
				17814BC41A7AAC4200C6A0D1 /* SDJSDatePickerScript.h */,
				17814BC51A7AAC4200C6A0D1 /* SDJSDatePickerScript.m */,
				17814BC71A7AAC6100C6A0D1 /* SDJSDatePickerOutput.h */,
				17814BC81A7AAC6100C6A0D1 /* SDJSDatePickerOutput.m */,
			);
			path = "Date Picker";
			sourceTree = "<group>";
		};
		17B5A9F01A670139004465F1 /* JavaScript API */ = {
			isa = PBXGroup;
			children = (
				17B5A9F11A670139004465F1 /* Handler API */,
				17B5A9F61A670139004465F1 /* Platform API */,
				17B5AA1D1A670139004465F1 /* SDJSBridgeInfo.h */,
				17B5AA1E1A670139004465F1 /* SDJSBridgeInfo.m */,
				17B5AA1F1A670139004465F1 /* SDJSBridgeResponder.h */,
				17B5AA201A670139004465F1 /* SDJSBridgeResponder.m */,
				17B5AA211A670139004465F1 /* SDJSBridgeScript.h */,
				17B5AA221A670139004465F1 /* SDJSBridgeScript.m */,
				171F45FA1A6843B300B0386E /* SDJSDate.h */,
				171F45FB1A6843B300B0386E /* SDJSDate.m */,
			);
			path = "JavaScript API";
			sourceTree = "<group>";
		};
		17B5A9F11A670139004465F1 /* Handler API */ = {
			isa = PBXGroup;
			children = (
				17B5A9F21A670139004465F1 /* SDJSBridgeScript+HandlerHelpers.h */,
				17B5A9F31A670139004465F1 /* SDJSBridgeScript+HandlerHelpers.m */,
				17B5A9F41A670139004465F1 /* SDJSHandlerScript.h */,
				17B5A9F51A670139004465F1 /* SDJSHandlerScript.m */,
			);
			path = "Handler API";
			sourceTree = "<group>";
		};
		17B5A9F61A670139004465F1 /* Platform API */ = {
			isa = PBXGroup;
			children = (
				17814BC31A7AAC4200C6A0D1 /* Date Picker */,
				17B5A9F71A670139004465F1 /* Dialog */,
				17B5AA0B1A670139004465F1 /* Navigation */,
				17B5AA181A670139004465F1 /* Share */,
				17B5AA141A670139004465F1 /* SDJSPlatformScript.h */,
				17B5AA151A670139004465F1 /* SDJSPlatformScript.m */,
				17B5AA161A670139004465F1 /* SDJSProgressHUDScript.h */,
				17B5AA171A670139004465F1 /* SDJSProgressHUDScript.m */,
				17814BCB1A7AB8A400C6A0D1 /* SDJSScriptOutput.h */,
				17814BCC1A7AB8A400C6A0D1 /* SDJSScriptOutput.m */,
			);
			path = "Platform API";
			sourceTree = "<group>";
		};
		17B5A9F71A670139004465F1 /* Dialog */ = {
			isa = PBXGroup;
			children = (
				17B5A9F81A670139004465F1 /* Alert */,
				17B5A9FF1A670139004465F1 /* Radio */,
				17B5AA041A670139004465F1 /* SDJSDialogOptions.h */,
				17B5AA051A670139004465F1 /* SDJSDialogOptions.m */,
				17B5AA061A670139004465F1 /* Web */,
			);
			path = Dialog;
			sourceTree = "<group>";
		};
		17B5A9F81A670139004465F1 /* Alert */ = {
			isa = PBXGroup;
			children = (
				17B5A9F91A670139004465F1 /* SDJSAlertButton.h */,
				17B5A9FA1A670139004465F1 /* SDJSAlertButton.m */,
				17B5A9FB1A670139004465F1 /* SDJSAlertOptions.h */,
				17B5A9FC1A670139004465F1 /* SDJSAlertOptions.m */,
				17B5A9FD1A670139004465F1 /* SDJSAlertScript.h */,
				17B5A9FE1A670139004465F1 /* SDJSAlertScript.m */,
				177DD1F21A76867A00EEB38C /* SDJSAlertScriptOutput.h */,
				177DD1F31A76867A00EEB38C /* SDJSAlertScriptOutput.m */,
			);
			path = Alert;
			sourceTree = "<group>";
		};
		17B5A9FF1A670139004465F1 /* Radio */ = {
			isa = PBXGroup;
			children = (
				17B5AA001A670139004465F1 /* SDJSRadioDialogOptions.h */,
				17B5AA011A670139004465F1 /* SDJSRadioDialogOptions.m */,
				17B5AA021A670139004465F1 /* SDJSRadioDialogScript.h */,
				17B5AA031A670139004465F1 /* SDJSRadioDialogScript.m */,
			);
			path = Radio;
			sourceTree = "<group>";
		};
		17B5AA061A670139004465F1 /* Web */ = {
			isa = PBXGroup;
			children = (
				17B5AA071A670139004465F1 /* SDJSWebDialogOptions.h */,
				17B5AA081A670139004465F1 /* SDJSWebDialogOptions.m */,
				17B5AA091A670139004465F1 /* SDJSWebDialogScript.h */,
				17B5AA0A1A670139004465F1 /* SDJSWebDialogScript.m */,
			);
			path = Web;
			sourceTree = "<group>";
		};
		17B5AA0B1A670139004465F1 /* Navigation */ = {
			isa = PBXGroup;
			children = (
				17B5AA121A670139004465F1 /* SDJSNavigationScript.h */,
				17B5AA131A670139004465F1 /* SDJSNavigationScript.m */,
			);
			path = Navigation;
			sourceTree = "<group>";
		};
		17B5AA181A670139004465F1 /* Share */ = {
			isa = PBXGroup;
			children = (
				17B5AA191A670139004465F1 /* SDJSShareScript.h */,
				17B5AA1A1A670139004465F1 /* SDJSShareScript.m */,
				17B5AA1B1A670139004465F1 /* SDJSShareService.h */,
				17B5AA1C1A670139004465F1 /* SDJSShareService.m */,
			);
			path = Share;
			sourceTree = "<group>";
		};
		CA0249C219E70B10007CAAC7 = {
			isa = PBXGroup;
			children = (
				CA024A1B19E885C9007CAAC7 /* JavaScriptCore.framework */,
				CA0249CD19E70B10007CAAC7 /* SDJSBridgeExample */,
				CA0249E719E70B10007CAAC7 /* SDJSBridgeExampleTests */,
				CA0249CC19E70B10007CAAC7 /* Products */,
			);
			sourceTree = "<group>";
		};
		CA0249CC19E70B10007CAAC7 /* Products */ = {
			isa = PBXGroup;
			children = (
				CA0249CB19E70B10007CAAC7 /* SDJSBridgeExample.app */,
				CA0249E419E70B10007CAAC7 /* SDJSBridgeExampleTests.xctest */,
			);
			name = Products;
			sourceTree = "<group>";
		};
		CA0249CD19E70B10007CAAC7 /* SDJSBridgeExample */ = {
			isa = PBXGroup;
			children = (
				1723A0891A6D85F100200488 /* External */,
				196650531A02C04300AAC405 /* example1.html */,
				196C1F2F1A2CF14F008E7FD3 /* example2.html */,
				CA024A1819E884EF007CAAC7 /* Macros */,
				CA024A0B19E88463007CAAC7 /* Configurations */,
				CA0249F419E70B2B007CAAC7 /* SDJSBridge */,
				CA0249D219E70B10007CAAC7 /* AppDelegate.h */,
				CA0249D319E70B10007CAAC7 /* AppDelegate.m */,
				CA0249DB19E70B10007CAAC7 /* Images.xcassets */,
				CA0249DD19E70B10007CAAC7 /* LaunchScreen.xib */,
				CA0249CE19E70B10007CAAC7 /* Supporting Files */,
			);
			path = SDJSBridgeExample;
			sourceTree = "<group>";
		};
		CA0249CE19E70B10007CAAC7 /* Supporting Files */ = {
			isa = PBXGroup;
			children = (
				CA0249CF19E70B10007CAAC7 /* Info.plist */,
				CA0249D019E70B10007CAAC7 /* main.m */,
			);
			name = "Supporting Files";
			sourceTree = "<group>";
		};
		CA0249E719E70B10007CAAC7 /* SDJSBridgeExampleTests */ = {
			isa = PBXGroup;
			children = (
				19377A931A3754EF00B10CEB /* SDJSBridgeResponderTests.m */,
				19377A911A3742B700B10CEB /* SDJSBridgeTests.m */,
				19377A891A32259E00B10CEB /* SDJSShareServiceTests.m */,
				19377A8B1A3227A700B10CEB /* SDJSShareScriptTests.m */,
				19377A8D1A36324100B10CEB /* SDJSProgressAPITests.m */,
				19377A8F1A36364900B10CEB /* SDJSTopLevelAPITests.m */,
				19842F751A389E7500C73C98 /* SDWebViewControllerTests.m */,
				19B3B9AC1A2FA21B009A5137 /* XCTestCase+ExampleAppUtilities.h */,
				19B3B9AD1A2FA21B009A5137 /* XCTestCase+ExampleAppUtilities.m */,
				19842F771A38A78F00C73C98 /* SDJSTestScriptObject.h */,
				19842F781A38A78F00C73C98 /* SDJSTestScriptObject.m */,
				CA0249E819E70B10007CAAC7 /* Supporting Files */,
			);
			path = SDJSBridgeExampleTests;
			sourceTree = "<group>";
		};
		CA0249E819E70B10007CAAC7 /* Supporting Files */ = {
			isa = PBXGroup;
			children = (
				CA0249E919E70B10007CAAC7 /* Info.plist */,
			);
			name = "Supporting Files";
			sourceTree = "<group>";
		};
		CA0249F419E70B2B007CAAC7 /* SDJSBridge */ = {
			isa = PBXGroup;
			children = (
				17B5A9F01A670139004465F1 /* JavaScript API */,
				CA0249F519E70B81007CAAC7 /* SDJSBridge.h */,
				CA0249F619E70B81007CAAC7 /* SDJSBridge.m */,
				CA0249FD19E70FFF007CAAC7 /* SDWebViewController.h */,
				CA0249FE19E70FFF007CAAC7 /* SDWebViewController.m */,
				CA0249F919E70C23007CAAC7 /* UIWebView+SDJSExtensions.h */,
				CA0249FA19E70C23007CAAC7 /* UIWebView+SDJSExtensions.m */,
				19A68C501A1B9E8600D5D057 /* NSString+SDJSExtensions.h */,
				19A68C511A1B9E8600D5D057 /* NSString+SDJSExtensions.m */,
			);
			name = SDJSBridge;
			path = ../../SDJSBridge;
			sourceTree = "<group>";
		};
		CA024A0B19E88463007CAAC7 /* Configurations */ = {
			isa = PBXGroup;
			children = (
				CA024A0C19E88463007CAAC7 /* Global-iOS.xcconfig */,
				CA024A0D19E88463007CAAC7 /* Project-iOS-Debug.xcconfig */,
				CA024A0E19E88463007CAAC7 /* Project-iOS-Release.xcconfig */,
			);
			name = Configurations;
			path = ../../Configurations;
			sourceTree = "<group>";
		};
		CA024A1819E884EF007CAAC7 /* Macros */ = {
			isa = PBXGroup;
			children = (
				CA024A1919E884EF007CAAC7 /* ObjectiveCGenerics.h */,
				CA024A1A19E884EF007CAAC7 /* SDMacros.h */,
			);
			name = Macros;
			path = ../../Macros;
			sourceTree = "<group>";
		};
/* End PBXGroup section */

/* Begin PBXNativeTarget section */
		CA0249CA19E70B10007CAAC7 /* SDJSBridgeExample */ = {
			isa = PBXNativeTarget;
			buildConfigurationList = CA0249EE19E70B10007CAAC7 /* Build configuration list for PBXNativeTarget "SDJSBridgeExample" */;
			buildPhases = (
				CA0249C719E70B10007CAAC7 /* Sources */,
				CA0249C819E70B10007CAAC7 /* Frameworks */,
				CA0249C919E70B10007CAAC7 /* Resources */,
			);
			buildRules = (
			);
			dependencies = (
			);
			name = SDJSBridgeExample;
			productName = SDJSBridgeExample;
			productReference = CA0249CB19E70B10007CAAC7 /* SDJSBridgeExample.app */;
			productType = "com.apple.product-type.application";
		};
		CA0249E319E70B10007CAAC7 /* SDJSBridgeExampleTests */ = {
			isa = PBXNativeTarget;
			buildConfigurationList = CA0249F119E70B10007CAAC7 /* Build configuration list for PBXNativeTarget "SDJSBridgeExampleTests" */;
			buildPhases = (
				CA0249E019E70B10007CAAC7 /* Sources */,
				CA0249E119E70B10007CAAC7 /* Frameworks */,
				CA0249E219E70B10007CAAC7 /* Resources */,
			);
			buildRules = (
			);
			dependencies = (
				CA0249E619E70B10007CAAC7 /* PBXTargetDependency */,
			);
			name = SDJSBridgeExampleTests;
			productName = SDJSBridgeExampleTests;
			productReference = CA0249E419E70B10007CAAC7 /* SDJSBridgeExampleTests.xctest */;
			productType = "com.apple.product-type.bundle.unit-test";
		};
/* End PBXNativeTarget section */

/* Begin PBXProject section */
		CA0249C319E70B10007CAAC7 /* Project object */ = {
			isa = PBXProject;
			attributes = {
				LastUpgradeCheck = 0610;
				ORGANIZATIONNAME = SetDirection;
				TargetAttributes = {
					CA0249CA19E70B10007CAAC7 = {
						CreatedOnToolsVersion = 6.1;
					};
					CA0249E319E70B10007CAAC7 = {
						CreatedOnToolsVersion = 6.1;
						TestTargetID = CA0249CA19E70B10007CAAC7;
					};
				};
			};
			buildConfigurationList = CA0249C619E70B10007CAAC7 /* Build configuration list for PBXProject "SDJSBridgeExample" */;
			compatibilityVersion = "Xcode 3.2";
			developmentRegion = English;
			hasScannedForEncodings = 0;
			knownRegions = (
				en,
				Base,
			);
			mainGroup = CA0249C219E70B10007CAAC7;
			productRefGroup = CA0249CC19E70B10007CAAC7 /* Products */;
			projectDirPath = "";
			projectRoot = "";
			targets = (
				CA0249CA19E70B10007CAAC7 /* SDJSBridgeExample */,
				CA0249E319E70B10007CAAC7 /* SDJSBridgeExampleTests */,
			);
		};
/* End PBXProject section */

/* Begin PBXResourcesBuildPhase section */
		CA0249C919E70B10007CAAC7 /* Resources */ = {
			isa = PBXResourcesBuildPhase;
			buildActionMask = 2147483647;
			files = (
				CA024A1419E88463007CAAC7 /* Project-iOS-Release.xcconfig in Resources */,
				CA0249DF19E70B10007CAAC7 /* LaunchScreen.xib in Resources */,
				CA0249DC19E70B10007CAAC7 /* Images.xcassets in Resources */,
				CA024A1019E88463007CAAC7 /* Global-iOS.xcconfig in Resources */,
				196C1F301A2CF14F008E7FD3 /* example2.html in Resources */,
				CA024A1219E88463007CAAC7 /* Project-iOS-Debug.xcconfig in Resources */,
				196650541A02C04300AAC405 /* example1.html in Resources */,
			);
			runOnlyForDeploymentPostprocessing = 0;
		};
		CA0249E219E70B10007CAAC7 /* Resources */ = {
			isa = PBXResourcesBuildPhase;
			buildActionMask = 2147483647;
			files = (
				CA024A1519E88463007CAAC7 /* Project-iOS-Release.xcconfig in Resources */,
				CA024A1319E88463007CAAC7 /* Project-iOS-Debug.xcconfig in Resources */,
				CA024A1119E88463007CAAC7 /* Global-iOS.xcconfig in Resources */,
			);
			runOnlyForDeploymentPostprocessing = 0;
		};
/* End PBXResourcesBuildPhase section */

/* Begin PBXSourcesBuildPhase section */
		CA0249C719E70B10007CAAC7 /* Sources */ = {
			isa = PBXSourcesBuildPhase;
			buildActionMask = 2147483647;
			files = (
				17814BC91A7AAC6100C6A0D1 /* SDJSDatePickerOutput.m in Sources */,
				17B5AA321A670139004465F1 /* SDJSProgressHUDScript.m in Sources */,
				CA0249FB19E70C23007CAAC7 /* UIWebView+SDJSExtensions.m in Sources */,
				171F45FC1A6843B300B0386E /* SDJSDate.m in Sources */,
				17B5AA301A670139004465F1 /* SDJSNavigationScript.m in Sources */,
				177DD1F41A76867A00EEB38C /* SDJSAlertScriptOutput.m in Sources */,
				17B5AA331A670139004465F1 /* SDJSShareScript.m in Sources */,
				17B5AA341A670139004465F1 /* SDJSShareService.m in Sources */,
				17814BDC1A7ADCB200C6A0D1 /* UIColor+SDExtensions.m in Sources */,
				CA0249F719E70B81007CAAC7 /* SDJSBridge.m in Sources */,
				17814BD81A7ADCB200C6A0D1 /* NSData+SDExtensions.m in Sources */,
				17814BD91A7ADCB200C6A0D1 /* NSString+SDExtensions.m in Sources */,
				CA0249D419E70B10007CAAC7 /* AppDelegate.m in Sources */,
				17B5AA2B1A670139004465F1 /* SDJSWebDialogOptions.m in Sources */,
				CA0249FF19E70FFF007CAAC7 /* SDWebViewController.m in Sources */,
				17B5AA291A670139004465F1 /* SDJSRadioDialogScript.m in Sources */,
				19A68C521A1B9E8600D5D057 /* NSString+SDJSExtensions.m in Sources */,
				17B5AA2C1A670139004465F1 /* SDJSWebDialogScript.m in Sources */,
				17B5AA261A670139004465F1 /* SDJSAlertOptions.m in Sources */,
				17B5AA361A670139004465F1 /* SDJSBridgeResponder.m in Sources */,
				17B5AA241A670139004465F1 /* SDJSHandlerScript.m in Sources */,
				17B5AA251A670139004465F1 /* SDJSAlertButton.m in Sources */,
				CA0249D119E70B10007CAAC7 /* main.m in Sources */,
				17814BC61A7AAC4200C6A0D1 /* SDJSDatePickerScript.m in Sources */,
				17B5AA2A1A670139004465F1 /* SDJSDialogOptions.m in Sources */,
				17B5AA271A670139004465F1 /* SDJSAlertScript.m in Sources */,
				17B5AA351A670139004465F1 /* SDJSBridgeInfo.m in Sources */,
				17B5AA281A670139004465F1 /* SDJSRadioDialogOptions.m in Sources */,
				17814BDA1A7ADCB200C6A0D1 /* SDLog.m in Sources */,
				17B5AA311A670139004465F1 /* SDJSPlatformScript.m in Sources */,
				17B5AA371A670139004465F1 /* SDJSBridgeScript.m in Sources */,
				17B5AA231A670139004465F1 /* SDJSBridgeScript+HandlerHelpers.m in Sources */,
				17814BDB1A7ADCB200C6A0D1 /* SDPickerView.m in Sources */,
				17814BCD1A7AB8A400C6A0D1 /* SDJSScriptOutput.m in Sources */,
			);
			runOnlyForDeploymentPostprocessing = 0;
		};
		CA0249E019E70B10007CAAC7 /* Sources */ = {
			isa = PBXSourcesBuildPhase;
			buildActionMask = 2147483647;
			files = (
				CA024A0019E70FFF007CAAC7 /* SDWebViewController.m in Sources */,
				19842F791A38A78F00C73C98 /* SDJSTestScriptObject.m in Sources */,
				CA0249F819E70B81007CAAC7 /* SDJSBridge.m in Sources */,
				19377A921A3742B700B10CEB /* SDJSBridgeTests.m in Sources */,
				19377A8A1A32259E00B10CEB /* SDJSShareServiceTests.m in Sources */,
				19B3B9AE1A2FA21B009A5137 /* XCTestCase+ExampleAppUtilities.m in Sources */,
				19377A901A36364900B10CEB /* SDJSTopLevelAPITests.m in Sources */,
				19377A8C1A3227A700B10CEB /* SDJSShareScriptTests.m in Sources */,
				19377A8E1A36324100B10CEB /* SDJSProgressAPITests.m in Sources */,
				CA0249FC19E70C23007CAAC7 /* UIWebView+SDJSExtensions.m in Sources */,
				19842F761A389E7500C73C98 /* SDWebViewControllerTests.m in Sources */,
				19377A941A3754EF00B10CEB /* SDJSBridgeResponderTests.m in Sources */,
			);
			runOnlyForDeploymentPostprocessing = 0;
		};
/* End PBXSourcesBuildPhase section */

/* Begin PBXTargetDependency section */
		CA0249E619E70B10007CAAC7 /* PBXTargetDependency */ = {
			isa = PBXTargetDependency;
			target = CA0249CA19E70B10007CAAC7 /* SDJSBridgeExample */;
			targetProxy = CA0249E519E70B10007CAAC7 /* PBXContainerItemProxy */;
		};
/* End PBXTargetDependency section */

/* Begin PBXVariantGroup section */
		CA0249DD19E70B10007CAAC7 /* LaunchScreen.xib */ = {
			isa = PBXVariantGroup;
			children = (
				CA0249DE19E70B10007CAAC7 /* Base */,
			);
			name = LaunchScreen.xib;
			sourceTree = "<group>";
		};
/* End PBXVariantGroup section */

/* Begin XCBuildConfiguration section */
		CA0249EC19E70B10007CAAC7 /* Debug */ = {
			isa = XCBuildConfiguration;
			baseConfigurationReference = CA024A0D19E88463007CAAC7 /* Project-iOS-Debug.xcconfig */;
			buildSettings = {
				ALWAYS_SEARCH_USER_PATHS = NO;
				CLANG_CXX_LANGUAGE_STANDARD = "gnu++0x";
				CLANG_CXX_LIBRARY = "libc++";
				CLANG_ENABLE_MODULES = YES;
				CLANG_ENABLE_OBJC_ARC = YES;
				CLANG_WARN_BOOL_CONVERSION = YES;
				CLANG_WARN_CONSTANT_CONVERSION = YES;
				CLANG_WARN_DIRECT_OBJC_ISA_USAGE = YES_ERROR;
				CLANG_WARN_EMPTY_BODY = YES;
				CLANG_WARN_ENUM_CONVERSION = YES;
				CLANG_WARN_INT_CONVERSION = YES;
				CLANG_WARN_OBJC_ROOT_CLASS = YES_ERROR;
				CLANG_WARN_UNREACHABLE_CODE = YES;
				CLANG_WARN__DUPLICATE_METHOD_MATCH = YES;
				"CODE_SIGN_IDENTITY[sdk=iphoneos*]" = "iPhone Developer";
				COPY_PHASE_STRIP = NO;
				ENABLE_STRICT_OBJC_MSGSEND = YES;
				GCC_C_LANGUAGE_STANDARD = gnu99;
				GCC_DYNAMIC_NO_PIC = NO;
				GCC_OPTIMIZATION_LEVEL = 0;
				GCC_PREPROCESSOR_DEFINITIONS = (
					"DEBUG=1",
					"$(inherited)",
				);
				GCC_SYMBOLS_PRIVATE_EXTERN = NO;
				GCC_WARN_64_TO_32_BIT_CONVERSION = YES;
				GCC_WARN_ABOUT_RETURN_TYPE = YES_ERROR;
				GCC_WARN_UNDECLARED_SELECTOR = YES;
				GCC_WARN_UNINITIALIZED_AUTOS = YES_AGGRESSIVE;
				GCC_WARN_UNUSED_FUNCTION = YES;
				GCC_WARN_UNUSED_VARIABLE = YES;
				IPHONEOS_DEPLOYMENT_TARGET = 8.1;
				MTL_ENABLE_DEBUG_INFO = YES;
				ONLY_ACTIVE_ARCH = YES;
				SDKROOT = iphoneos;
			};
			name = Debug;
		};
		CA0249ED19E70B10007CAAC7 /* Release */ = {
			isa = XCBuildConfiguration;
			baseConfigurationReference = CA024A0E19E88463007CAAC7 /* Project-iOS-Release.xcconfig */;
			buildSettings = {
				ALWAYS_SEARCH_USER_PATHS = NO;
				CLANG_CXX_LANGUAGE_STANDARD = "gnu++0x";
				CLANG_CXX_LIBRARY = "libc++";
				CLANG_ENABLE_MODULES = YES;
				CLANG_ENABLE_OBJC_ARC = YES;
				CLANG_WARN_BOOL_CONVERSION = YES;
				CLANG_WARN_CONSTANT_CONVERSION = YES;
				CLANG_WARN_DIRECT_OBJC_ISA_USAGE = YES_ERROR;
				CLANG_WARN_EMPTY_BODY = YES;
				CLANG_WARN_ENUM_CONVERSION = YES;
				CLANG_WARN_INT_CONVERSION = YES;
				CLANG_WARN_OBJC_ROOT_CLASS = YES_ERROR;
				CLANG_WARN_UNREACHABLE_CODE = YES;
				CLANG_WARN__DUPLICATE_METHOD_MATCH = YES;
				"CODE_SIGN_IDENTITY[sdk=iphoneos*]" = "iPhone Developer";
				COPY_PHASE_STRIP = YES;
				ENABLE_NS_ASSERTIONS = NO;
				ENABLE_STRICT_OBJC_MSGSEND = YES;
				GCC_C_LANGUAGE_STANDARD = gnu99;
				GCC_WARN_64_TO_32_BIT_CONVERSION = YES;
				GCC_WARN_ABOUT_RETURN_TYPE = YES_ERROR;
				GCC_WARN_UNDECLARED_SELECTOR = YES;
				GCC_WARN_UNINITIALIZED_AUTOS = YES_AGGRESSIVE;
				GCC_WARN_UNUSED_FUNCTION = YES;
				GCC_WARN_UNUSED_VARIABLE = YES;
				IPHONEOS_DEPLOYMENT_TARGET = 8.1;
				MTL_ENABLE_DEBUG_INFO = NO;
				SDKROOT = iphoneos;
				VALIDATE_PRODUCT = YES;
			};
			name = Release;
		};
		CA0249EF19E70B10007CAAC7 /* Debug */ = {
			isa = XCBuildConfiguration;
			baseConfigurationReference = CA024A0D19E88463007CAAC7 /* Project-iOS-Debug.xcconfig */;
			buildSettings = {
				ASSETCATALOG_COMPILER_APPICON_NAME = AppIcon;
				INFOPLIST_FILE = SDJSBridgeExample/Info.plist;
				LD_RUNPATH_SEARCH_PATHS = "$(inherited) @executable_path/Frameworks";
				PRODUCT_NAME = "$(TARGET_NAME)";
			};
			name = Debug;
		};
		CA0249F019E70B10007CAAC7 /* Release */ = {
			isa = XCBuildConfiguration;
			baseConfigurationReference = CA024A0E19E88463007CAAC7 /* Project-iOS-Release.xcconfig */;
			buildSettings = {
				ASSETCATALOG_COMPILER_APPICON_NAME = AppIcon;
				INFOPLIST_FILE = SDJSBridgeExample/Info.plist;
				LD_RUNPATH_SEARCH_PATHS = "$(inherited) @executable_path/Frameworks";
				PRODUCT_NAME = "$(TARGET_NAME)";
			};
			name = Release;
		};
		CA0249F219E70B10007CAAC7 /* Debug */ = {
			isa = XCBuildConfiguration;
			baseConfigurationReference = CA024A0D19E88463007CAAC7 /* Project-iOS-Debug.xcconfig */;
			buildSettings = {
				BUNDLE_LOADER = "$(TEST_HOST)";
				FRAMEWORK_SEARCH_PATHS = (
					"$(SDKROOT)/Developer/Library/Frameworks",
					"$(inherited)",
				);
				GCC_PREPROCESSOR_DEFINITIONS = (
					"DEBUG=1",
					"$(inherited)",
				);
				INFOPLIST_FILE = SDJSBridgeExampleTests/Info.plist;
				LD_RUNPATH_SEARCH_PATHS = "$(inherited) @executable_path/Frameworks @loader_path/Frameworks";
				PRODUCT_NAME = "$(TARGET_NAME)";
				TEST_HOST = "$(BUILT_PRODUCTS_DIR)/SDJSBridgeExample.app/SDJSBridgeExample";
			};
			name = Debug;
		};
		CA0249F319E70B10007CAAC7 /* Release */ = {
			isa = XCBuildConfiguration;
			baseConfigurationReference = CA024A0E19E88463007CAAC7 /* Project-iOS-Release.xcconfig */;
			buildSettings = {
				BUNDLE_LOADER = "$(TEST_HOST)";
				FRAMEWORK_SEARCH_PATHS = (
					"$(SDKROOT)/Developer/Library/Frameworks",
					"$(inherited)",
				);
				INFOPLIST_FILE = SDJSBridgeExampleTests/Info.plist;
				LD_RUNPATH_SEARCH_PATHS = "$(inherited) @executable_path/Frameworks @loader_path/Frameworks";
				PRODUCT_NAME = "$(TARGET_NAME)";
				TEST_HOST = "$(BUILT_PRODUCTS_DIR)/SDJSBridgeExample.app/SDJSBridgeExample";
			};
			name = Release;
		};
/* End XCBuildConfiguration section */

/* Begin XCConfigurationList section */
		CA0249C619E70B10007CAAC7 /* Build configuration list for PBXProject "SDJSBridgeExample" */ = {
			isa = XCConfigurationList;
			buildConfigurations = (
				CA0249EC19E70B10007CAAC7 /* Debug */,
				CA0249ED19E70B10007CAAC7 /* Release */,
			);
			defaultConfigurationIsVisible = 0;
			defaultConfigurationName = Release;
		};
		CA0249EE19E70B10007CAAC7 /* Build configuration list for PBXNativeTarget "SDJSBridgeExample" */ = {
			isa = XCConfigurationList;
			buildConfigurations = (
				CA0249EF19E70B10007CAAC7 /* Debug */,
				CA0249F019E70B10007CAAC7 /* Release */,
			);
			defaultConfigurationIsVisible = 0;
			defaultConfigurationName = Release;
		};
		CA0249F119E70B10007CAAC7 /* Build configuration list for PBXNativeTarget "SDJSBridgeExampleTests" */ = {
			isa = XCConfigurationList;
			buildConfigurations = (
				CA0249F219E70B10007CAAC7 /* Debug */,
				CA0249F319E70B10007CAAC7 /* Release */,
			);
			defaultConfigurationIsVisible = 0;
			defaultConfigurationName = Release;
		};
/* End XCConfigurationList section */
	};
	rootObject = CA0249C319E70B10007CAAC7 /* Project object */;
}
