// !$*UTF8*$!
{
	archiveVersion = 1;
	classes = {
	};
	objectVersion = 46;
	objects = {

/* Begin PBXBuildFile section */
		1934FA161A13AFAA00874421 /* SDJSShareAPI.m in Sources */ = {isa = PBXBuildFile; fileRef = 1934FA151A13AFAA00874421 /* SDJSShareAPI.m */; };
		19377A881A3212CD00B10CEB /* SDJSPlatformAPITests.m in Sources */ = {isa = PBXBuildFile; fileRef = 19377A871A3212CD00B10CEB /* SDJSPlatformAPITests.m */; };
		19377A8A1A32259E00B10CEB /* SDJSShareServiceTests.m in Sources */ = {isa = PBXBuildFile; fileRef = 19377A891A32259E00B10CEB /* SDJSShareServiceTests.m */; };
		19377A8C1A3227A700B10CEB /* SDJSShareAPITests.m in Sources */ = {isa = PBXBuildFile; fileRef = 19377A8B1A3227A700B10CEB /* SDJSShareAPITests.m */; };
		19377A8E1A36324100B10CEB /* SDJSProgressAPITests.m in Sources */ = {isa = PBXBuildFile; fileRef = 19377A8D1A36324100B10CEB /* SDJSProgressAPITests.m */; };
		19377A901A36364900B10CEB /* SDJSTopLevelAPITests.m in Sources */ = {isa = PBXBuildFile; fileRef = 19377A8F1A36364900B10CEB /* SDJSTopLevelAPITests.m */; };
		19377A921A3742B700B10CEB /* SDJSBridgeTests.m in Sources */ = {isa = PBXBuildFile; fileRef = 19377A911A3742B700B10CEB /* SDJSBridgeTests.m */; };
		1938AFFA1A0BC78D00647F65 /* SDJSProgressAPI.m in Sources */ = {isa = PBXBuildFile; fileRef = 1938AFF91A0BC78D00647F65 /* SDJSProgressAPI.m */; };
		196650541A02C04300AAC405 /* example1.html in Resources */ = {isa = PBXBuildFile; fileRef = 196650531A02C04300AAC405 /* example1.html */; };
		196C1F2E1A2CE5D4008E7FD3 /* SDJSNavigationAPITests.m in Sources */ = {isa = PBXBuildFile; fileRef = 196C1F2D1A2CE5D4008E7FD3 /* SDJSNavigationAPITests.m */; };
		196C1F301A2CF14F008E7FD3 /* example2.html in Resources */ = {isa = PBXBuildFile; fileRef = 196C1F2F1A2CF14F008E7FD3 /* example2.html */; };
		19A68C4F1A14FE5B00D5D057 /* SDJSShareService.m in Sources */ = {isa = PBXBuildFile; fileRef = 19A68C4E1A14FE5B00D5D057 /* SDJSShareService.m */; };
		19A68C521A1B9E8600D5D057 /* NSString+SDJSExtensions.m in Sources */ = {isa = PBXBuildFile; fileRef = 19A68C511A1B9E8600D5D057 /* NSString+SDJSExtensions.m */; };
		19AAED031A081BF500238146 /* SDJSPlatformAPI.m in Sources */ = {isa = PBXBuildFile; fileRef = 19AAECFF1A081BF500238146 /* SDJSPlatformAPI.m */; };
		19AAED041A081BF500238146 /* SDJSTopLevelAPI.m in Sources */ = {isa = PBXBuildFile; fileRef = 19AAED011A081BF500238146 /* SDJSTopLevelAPI.m */; };
		19AAED071A081C2600238146 /* SDJSBridgeScript.m in Sources */ = {isa = PBXBuildFile; fileRef = 19AAED061A081C2600238146 /* SDJSBridgeScript.m */; };
		19AAED181A09364500238146 /* SDJSNavigationAPI.m in Sources */ = {isa = PBXBuildFile; fileRef = 19AAED131A09364500238146 /* SDJSNavigationAPI.m */; };
		19AAED191A09364500238146 /* SDJSNavigationBarAPI.m in Sources */ = {isa = PBXBuildFile; fileRef = 19AAED151A09364500238146 /* SDJSNavigationBarAPI.m */; };
		19AAED1A1A09364500238146 /* SDJSNavigationItem.m in Sources */ = {isa = PBXBuildFile; fileRef = 19AAED171A09364500238146 /* SDJSNavigationItem.m */; };
		19AAED241A096FBB00238146 /* SDJSBridgeResponder.m in Sources */ = {isa = PBXBuildFile; fileRef = 19AAED231A096FBB00238146 /* SDJSBridgeResponder.m */; };
		19AAED281A09742900238146 /* SDJSAlertAction.m in Sources */ = {isa = PBXBuildFile; fileRef = 19AAED271A09742900238146 /* SDJSAlertAction.m */; };
		19B3B9A91A2E720E009A5137 /* SDJSNavigationBarAPITests.m in Sources */ = {isa = PBXBuildFile; fileRef = 19B3B9A81A2E720E009A5137 /* SDJSNavigationBarAPITests.m */; };
		19B3B9AB1A2FA0EB009A5137 /* SDJSNavigationItemTests.m in Sources */ = {isa = PBXBuildFile; fileRef = 19B3B9AA1A2FA0EB009A5137 /* SDJSNavigationItemTests.m */; };
		19B3B9AE1A2FA21B009A5137 /* XCTestCase+ExampleAppUtilities.m in Sources */ = {isa = PBXBuildFile; fileRef = 19B3B9AD1A2FA21B009A5137 /* XCTestCase+ExampleAppUtilities.m */; };
		CA0249D119E70B10007CAAC7 /* main.m in Sources */ = {isa = PBXBuildFile; fileRef = CA0249D019E70B10007CAAC7 /* main.m */; };
		CA0249D419E70B10007CAAC7 /* AppDelegate.m in Sources */ = {isa = PBXBuildFile; fileRef = CA0249D319E70B10007CAAC7 /* AppDelegate.m */; };
		CA0249D719E70B10007CAAC7 /* ViewController.m in Sources */ = {isa = PBXBuildFile; fileRef = CA0249D619E70B10007CAAC7 /* ViewController.m */; };
		CA0249DC19E70B10007CAAC7 /* Images.xcassets in Resources */ = {isa = PBXBuildFile; fileRef = CA0249DB19E70B10007CAAC7 /* Images.xcassets */; };
		CA0249DF19E70B10007CAAC7 /* LaunchScreen.xib in Resources */ = {isa = PBXBuildFile; fileRef = CA0249DD19E70B10007CAAC7 /* LaunchScreen.xib */; };
		CA0249F719E70B81007CAAC7 /* SDJSBridge.m in Sources */ = {isa = PBXBuildFile; fileRef = CA0249F619E70B81007CAAC7 /* SDJSBridge.m */; };
		CA0249F819E70B81007CAAC7 /* SDJSBridge.m in Sources */ = {isa = PBXBuildFile; fileRef = CA0249F619E70B81007CAAC7 /* SDJSBridge.m */; };
		CA0249FB19E70C23007CAAC7 /* UIWebView+SDJSExtensions.m in Sources */ = {isa = PBXBuildFile; fileRef = CA0249FA19E70C23007CAAC7 /* UIWebView+SDJSExtensions.m */; };
		CA0249FC19E70C23007CAAC7 /* UIWebView+SDJSExtensions.m in Sources */ = {isa = PBXBuildFile; fileRef = CA0249FA19E70C23007CAAC7 /* UIWebView+SDJSExtensions.m */; };
		CA0249FF19E70FFF007CAAC7 /* SDWebViewController.m in Sources */ = {isa = PBXBuildFile; fileRef = CA0249FE19E70FFF007CAAC7 /* SDWebViewController.m */; };
		CA024A0019E70FFF007CAAC7 /* SDWebViewController.m in Sources */ = {isa = PBXBuildFile; fileRef = CA0249FE19E70FFF007CAAC7 /* SDWebViewController.m */; };
		CA024A1019E88463007CAAC7 /* Global-iOS.xcconfig in Resources */ = {isa = PBXBuildFile; fileRef = CA024A0C19E88463007CAAC7 /* Global-iOS.xcconfig */; };
		CA024A1119E88463007CAAC7 /* Global-iOS.xcconfig in Resources */ = {isa = PBXBuildFile; fileRef = CA024A0C19E88463007CAAC7 /* Global-iOS.xcconfig */; };
		CA024A1219E88463007CAAC7 /* Project-iOS-Debug.xcconfig in Resources */ = {isa = PBXBuildFile; fileRef = CA024A0D19E88463007CAAC7 /* Project-iOS-Debug.xcconfig */; };
		CA024A1319E88463007CAAC7 /* Project-iOS-Debug.xcconfig in Resources */ = {isa = PBXBuildFile; fileRef = CA024A0D19E88463007CAAC7 /* Project-iOS-Debug.xcconfig */; };
		CA024A1419E88463007CAAC7 /* Project-iOS-Release.xcconfig in Resources */ = {isa = PBXBuildFile; fileRef = CA024A0E19E88463007CAAC7 /* Project-iOS-Release.xcconfig */; };
		CA024A1519E88463007CAAC7 /* Project-iOS-Release.xcconfig in Resources */ = {isa = PBXBuildFile; fileRef = CA024A0E19E88463007CAAC7 /* Project-iOS-Release.xcconfig */; };
		CA024A1C19E885C9007CAAC7 /* JavaScriptCore.framework in Frameworks */ = {isa = PBXBuildFile; fileRef = CA024A1B19E885C9007CAAC7 /* JavaScriptCore.framework */; };
/* End PBXBuildFile section */

/* Begin PBXContainerItemProxy section */
		CA0249E519E70B10007CAAC7 /* PBXContainerItemProxy */ = {
			isa = PBXContainerItemProxy;
			containerPortal = CA0249C319E70B10007CAAC7 /* Project object */;
			proxyType = 1;
			remoteGlobalIDString = CA0249CA19E70B10007CAAC7;
			remoteInfo = SDJSBridgeExample;
		};
/* End PBXContainerItemProxy section */

/* Begin PBXFileReference section */
		1934FA141A13AFAA00874421 /* SDJSShareAPI.h */ = {isa = PBXFileReference; fileEncoding = 4; lastKnownFileType = sourcecode.c.h; path = SDJSShareAPI.h; sourceTree = "<group>"; };
		1934FA151A13AFAA00874421 /* SDJSShareAPI.m */ = {isa = PBXFileReference; fileEncoding = 4; lastKnownFileType = sourcecode.c.objc; path = SDJSShareAPI.m; sourceTree = "<group>"; };
		19377A871A3212CD00B10CEB /* SDJSPlatformAPITests.m */ = {isa = PBXFileReference; fileEncoding = 4; lastKnownFileType = sourcecode.c.objc; path = SDJSPlatformAPITests.m; sourceTree = "<group>"; };
		19377A891A32259E00B10CEB /* SDJSShareServiceTests.m */ = {isa = PBXFileReference; fileEncoding = 4; lastKnownFileType = sourcecode.c.objc; path = SDJSShareServiceTests.m; sourceTree = "<group>"; };
		19377A8B1A3227A700B10CEB /* SDJSShareAPITests.m */ = {isa = PBXFileReference; fileEncoding = 4; lastKnownFileType = sourcecode.c.objc; path = SDJSShareAPITests.m; sourceTree = "<group>"; };
		19377A8D1A36324100B10CEB /* SDJSProgressAPITests.m */ = {isa = PBXFileReference; fileEncoding = 4; lastKnownFileType = sourcecode.c.objc; path = SDJSProgressAPITests.m; sourceTree = "<group>"; };
		19377A8F1A36364900B10CEB /* SDJSTopLevelAPITests.m */ = {isa = PBXFileReference; fileEncoding = 4; lastKnownFileType = sourcecode.c.objc; path = SDJSTopLevelAPITests.m; sourceTree = "<group>"; };
		19377A911A3742B700B10CEB /* SDJSBridgeTests.m */ = {isa = PBXFileReference; fileEncoding = 4; lastKnownFileType = sourcecode.c.objc; path = SDJSBridgeTests.m; sourceTree = "<group>"; };
		1938AFF81A0BC78D00647F65 /* SDJSProgressAPI.h */ = {isa = PBXFileReference; fileEncoding = 4; lastKnownFileType = sourcecode.c.h; path = SDJSProgressAPI.h; sourceTree = "<group>"; };
		1938AFF91A0BC78D00647F65 /* SDJSProgressAPI.m */ = {isa = PBXFileReference; fileEncoding = 4; lastKnownFileType = sourcecode.c.objc; path = SDJSProgressAPI.m; sourceTree = "<group>"; };
		196650531A02C04300AAC405 /* example1.html */ = {isa = PBXFileReference; fileEncoding = 4; lastKnownFileType = text.html; path = example1.html; sourceTree = "<group>"; };
		196C1F2D1A2CE5D4008E7FD3 /* SDJSNavigationAPITests.m */ = {isa = PBXFileReference; fileEncoding = 4; lastKnownFileType = sourcecode.c.objc; path = SDJSNavigationAPITests.m; sourceTree = "<group>"; };
		196C1F2F1A2CF14F008E7FD3 /* example2.html */ = {isa = PBXFileReference; fileEncoding = 4; lastKnownFileType = text.html; path = example2.html; sourceTree = "<group>"; };
		19A68C4D1A14FE5B00D5D057 /* SDJSShareService.h */ = {isa = PBXFileReference; fileEncoding = 4; lastKnownFileType = sourcecode.c.h; path = SDJSShareService.h; sourceTree = "<group>"; };
		19A68C4E1A14FE5B00D5D057 /* SDJSShareService.m */ = {isa = PBXFileReference; fileEncoding = 4; lastKnownFileType = sourcecode.c.objc; path = SDJSShareService.m; sourceTree = "<group>"; };
		19A68C501A1B9E8600D5D057 /* NSString+SDJSExtensions.h */ = {isa = PBXFileReference; fileEncoding = 4; lastKnownFileType = sourcecode.c.h; path = "NSString+SDJSExtensions.h"; sourceTree = "<group>"; };
		19A68C511A1B9E8600D5D057 /* NSString+SDJSExtensions.m */ = {isa = PBXFileReference; fileEncoding = 4; lastKnownFileType = sourcecode.c.objc; path = "NSString+SDJSExtensions.m"; sourceTree = "<group>"; };
		19AAECFE1A081BF500238146 /* SDJSPlatformAPI.h */ = {isa = PBXFileReference; fileEncoding = 4; lastKnownFileType = sourcecode.c.h; path = SDJSPlatformAPI.h; sourceTree = "<group>"; };
		19AAECFF1A081BF500238146 /* SDJSPlatformAPI.m */ = {isa = PBXFileReference; fileEncoding = 4; lastKnownFileType = sourcecode.c.objc; path = SDJSPlatformAPI.m; sourceTree = "<group>"; };
		19AAED001A081BF500238146 /* SDJSTopLevelAPI.h */ = {isa = PBXFileReference; fileEncoding = 4; lastKnownFileType = sourcecode.c.h; path = SDJSTopLevelAPI.h; sourceTree = "<group>"; };
		19AAED011A081BF500238146 /* SDJSTopLevelAPI.m */ = {isa = PBXFileReference; fileEncoding = 4; lastKnownFileType = sourcecode.c.objc; path = SDJSTopLevelAPI.m; sourceTree = "<group>"; };
		19AAED051A081C2600238146 /* SDJSBridgeScript.h */ = {isa = PBXFileReference; fileEncoding = 4; lastKnownFileType = sourcecode.c.h; path = SDJSBridgeScript.h; sourceTree = "<group>"; };
		19AAED061A081C2600238146 /* SDJSBridgeScript.m */ = {isa = PBXFileReference; fileEncoding = 4; lastKnownFileType = sourcecode.c.objc; path = SDJSBridgeScript.m; sourceTree = "<group>"; };
		19AAED121A09364500238146 /* SDJSNavigationAPI.h */ = {isa = PBXFileReference; fileEncoding = 4; lastKnownFileType = sourcecode.c.h; path = SDJSNavigationAPI.h; sourceTree = "<group>"; };
		19AAED131A09364500238146 /* SDJSNavigationAPI.m */ = {isa = PBXFileReference; fileEncoding = 4; lastKnownFileType = sourcecode.c.objc; path = SDJSNavigationAPI.m; sourceTree = "<group>"; };
		19AAED141A09364500238146 /* SDJSNavigationBarAPI.h */ = {isa = PBXFileReference; fileEncoding = 4; lastKnownFileType = sourcecode.c.h; path = SDJSNavigationBarAPI.h; sourceTree = "<group>"; };
		19AAED151A09364500238146 /* SDJSNavigationBarAPI.m */ = {isa = PBXFileReference; fileEncoding = 4; lastKnownFileType = sourcecode.c.objc; path = SDJSNavigationBarAPI.m; sourceTree = "<group>"; };
		19AAED161A09364500238146 /* SDJSNavigationItem.h */ = {isa = PBXFileReference; fileEncoding = 4; lastKnownFileType = sourcecode.c.h; path = SDJSNavigationItem.h; sourceTree = "<group>"; };
		19AAED171A09364500238146 /* SDJSNavigationItem.m */ = {isa = PBXFileReference; fileEncoding = 4; lastKnownFileType = sourcecode.c.objc; path = SDJSNavigationItem.m; sourceTree = "<group>"; };
		19AAED221A096FBB00238146 /* SDJSBridgeResponder.h */ = {isa = PBXFileReference; fileEncoding = 4; lastKnownFileType = sourcecode.c.h; path = SDJSBridgeResponder.h; sourceTree = "<group>"; };
		19AAED231A096FBB00238146 /* SDJSBridgeResponder.m */ = {isa = PBXFileReference; fileEncoding = 4; lastKnownFileType = sourcecode.c.objc; path = SDJSBridgeResponder.m; sourceTree = "<group>"; };
		19AAED261A09742900238146 /* SDJSAlertAction.h */ = {isa = PBXFileReference; fileEncoding = 4; lastKnownFileType = sourcecode.c.h; path = SDJSAlertAction.h; sourceTree = "<group>"; };
		19AAED271A09742900238146 /* SDJSAlertAction.m */ = {isa = PBXFileReference; fileEncoding = 4; lastKnownFileType = sourcecode.c.objc; path = SDJSAlertAction.m; sourceTree = "<group>"; };
		19B3B9A81A2E720E009A5137 /* SDJSNavigationBarAPITests.m */ = {isa = PBXFileReference; fileEncoding = 4; lastKnownFileType = sourcecode.c.objc; path = SDJSNavigationBarAPITests.m; sourceTree = "<group>"; };
		19B3B9AA1A2FA0EB009A5137 /* SDJSNavigationItemTests.m */ = {isa = PBXFileReference; fileEncoding = 4; lastKnownFileType = sourcecode.c.objc; path = SDJSNavigationItemTests.m; sourceTree = "<group>"; };
		19B3B9AC1A2FA21B009A5137 /* XCTestCase+ExampleAppUtilities.h */ = {isa = PBXFileReference; fileEncoding = 4; lastKnownFileType = sourcecode.c.h; path = "XCTestCase+ExampleAppUtilities.h"; sourceTree = "<group>"; };
		19B3B9AD1A2FA21B009A5137 /* XCTestCase+ExampleAppUtilities.m */ = {isa = PBXFileReference; fileEncoding = 4; lastKnownFileType = sourcecode.c.objc; path = "XCTestCase+ExampleAppUtilities.m"; sourceTree = "<group>"; };
		CA0249CB19E70B10007CAAC7 /* SDJSBridgeExample.app */ = {isa = PBXFileReference; explicitFileType = wrapper.application; includeInIndex = 0; path = SDJSBridgeExample.app; sourceTree = BUILT_PRODUCTS_DIR; };
		CA0249CF19E70B10007CAAC7 /* Info.plist */ = {isa = PBXFileReference; lastKnownFileType = text.plist.xml; path = Info.plist; sourceTree = "<group>"; };
		CA0249D019E70B10007CAAC7 /* main.m */ = {isa = PBXFileReference; lastKnownFileType = sourcecode.c.objc; path = main.m; sourceTree = "<group>"; };
		CA0249D219E70B10007CAAC7 /* AppDelegate.h */ = {isa = PBXFileReference; lastKnownFileType = sourcecode.c.h; path = AppDelegate.h; sourceTree = "<group>"; };
		CA0249D319E70B10007CAAC7 /* AppDelegate.m */ = {isa = PBXFileReference; lastKnownFileType = sourcecode.c.objc; path = AppDelegate.m; sourceTree = "<group>"; };
		CA0249D519E70B10007CAAC7 /* ViewController.h */ = {isa = PBXFileReference; lastKnownFileType = sourcecode.c.h; path = ViewController.h; sourceTree = "<group>"; };
		CA0249D619E70B10007CAAC7 /* ViewController.m */ = {isa = PBXFileReference; lastKnownFileType = sourcecode.c.objc; path = ViewController.m; sourceTree = "<group>"; };
		CA0249DB19E70B10007CAAC7 /* Images.xcassets */ = {isa = PBXFileReference; lastKnownFileType = folder.assetcatalog; path = Images.xcassets; sourceTree = "<group>"; };
		CA0249DE19E70B10007CAAC7 /* Base */ = {isa = PBXFileReference; lastKnownFileType = file.xib; name = Base; path = Base.lproj/LaunchScreen.xib; sourceTree = "<group>"; };
		CA0249E419E70B10007CAAC7 /* SDJSBridgeExampleTests.xctest */ = {isa = PBXFileReference; explicitFileType = wrapper.cfbundle; includeInIndex = 0; path = SDJSBridgeExampleTests.xctest; sourceTree = BUILT_PRODUCTS_DIR; };
		CA0249E919E70B10007CAAC7 /* Info.plist */ = {isa = PBXFileReference; lastKnownFileType = text.plist.xml; path = Info.plist; sourceTree = "<group>"; };
		CA0249F519E70B81007CAAC7 /* SDJSBridge.h */ = {isa = PBXFileReference; fileEncoding = 4; lastKnownFileType = sourcecode.c.h; path = SDJSBridge.h; sourceTree = "<group>"; };
		CA0249F619E70B81007CAAC7 /* SDJSBridge.m */ = {isa = PBXFileReference; fileEncoding = 4; lastKnownFileType = sourcecode.c.objc; path = SDJSBridge.m; sourceTree = "<group>"; };
		CA0249F919E70C23007CAAC7 /* UIWebView+SDJSExtensions.h */ = {isa = PBXFileReference; fileEncoding = 4; lastKnownFileType = sourcecode.c.h; path = "UIWebView+SDJSExtensions.h"; sourceTree = "<group>"; };
		CA0249FA19E70C23007CAAC7 /* UIWebView+SDJSExtensions.m */ = {isa = PBXFileReference; fileEncoding = 4; lastKnownFileType = sourcecode.c.objc; path = "UIWebView+SDJSExtensions.m"; sourceTree = "<group>"; };
		CA0249FD19E70FFF007CAAC7 /* SDWebViewController.h */ = {isa = PBXFileReference; fileEncoding = 4; lastKnownFileType = sourcecode.c.h; path = SDWebViewController.h; sourceTree = "<group>"; };
		CA0249FE19E70FFF007CAAC7 /* SDWebViewController.m */ = {isa = PBXFileReference; fileEncoding = 4; lastKnownFileType = sourcecode.c.objc; path = SDWebViewController.m; sourceTree = "<group>"; };
		CA024A0C19E88463007CAAC7 /* Global-iOS.xcconfig */ = {isa = PBXFileReference; fileEncoding = 4; lastKnownFileType = text.xcconfig; path = "Global-iOS.xcconfig"; sourceTree = "<group>"; };
		CA024A0D19E88463007CAAC7 /* Project-iOS-Debug.xcconfig */ = {isa = PBXFileReference; fileEncoding = 4; lastKnownFileType = text.xcconfig; path = "Project-iOS-Debug.xcconfig"; sourceTree = "<group>"; };
		CA024A0E19E88463007CAAC7 /* Project-iOS-Release.xcconfig */ = {isa = PBXFileReference; fileEncoding = 4; lastKnownFileType = text.xcconfig; path = "Project-iOS-Release.xcconfig"; sourceTree = "<group>"; };
		CA024A1919E884EF007CAAC7 /* ObjectiveCGenerics.h */ = {isa = PBXFileReference; fileEncoding = 4; lastKnownFileType = sourcecode.c.h; path = ObjectiveCGenerics.h; sourceTree = "<group>"; };
		CA024A1A19E884EF007CAAC7 /* SDMacros.h */ = {isa = PBXFileReference; fileEncoding = 4; lastKnownFileType = sourcecode.c.h; path = SDMacros.h; sourceTree = "<group>"; };
		CA024A1B19E885C9007CAAC7 /* JavaScriptCore.framework */ = {isa = PBXFileReference; lastKnownFileType = wrapper.framework; name = JavaScriptCore.framework; path = System/Library/Frameworks/JavaScriptCore.framework; sourceTree = SDKROOT; };
/* End PBXFileReference section */

/* Begin PBXFrameworksBuildPhase section */
		CA0249C819E70B10007CAAC7 /* Frameworks */ = {
			isa = PBXFrameworksBuildPhase;
			buildActionMask = 2147483647;
			files = (
				CA024A1C19E885C9007CAAC7 /* JavaScriptCore.framework in Frameworks */,
			);
			runOnlyForDeploymentPostprocessing = 0;
		};
		CA0249E119E70B10007CAAC7 /* Frameworks */ = {
			isa = PBXFrameworksBuildPhase;
			buildActionMask = 2147483647;
			files = (
			);
			runOnlyForDeploymentPostprocessing = 0;
		};
/* End PBXFrameworksBuildPhase section */

/* Begin PBXGroup section */
		1934FA131A13AB7500874421 /* Share */ = {
			isa = PBXGroup;
			children = (
				1934FA141A13AFAA00874421 /* SDJSShareAPI.h */,
				1934FA151A13AFAA00874421 /* SDJSShareAPI.m */,
				19A68C4D1A14FE5B00D5D057 /* SDJSShareService.h */,
				19A68C4E1A14FE5B00D5D057 /* SDJSShareService.m */,
			);
			name = Share;
			path = ../Share;
			sourceTree = "<group>";
		};
		19AAECFA1A081BF500238146 /* JavaScript API */ = {
			isa = PBXGroup;
			children = (
				19AAECFB1A081BF500238146 /* Platform */,
				19AAED051A081C2600238146 /* SDJSBridgeScript.h */,
				19AAED061A081C2600238146 /* SDJSBridgeScript.m */,
				19AAED001A081BF500238146 /* SDJSTopLevelAPI.h */,
				19AAED011A081BF500238146 /* SDJSTopLevelAPI.m */,
				19AAED221A096FBB00238146 /* SDJSBridgeResponder.h */,
				19AAED231A096FBB00238146 /* SDJSBridgeResponder.m */,
			);
			path = "JavaScript API";
			sourceTree = "<group>";
		};
		19AAECFB1A081BF500238146 /* Platform */ = {
			isa = PBXGroup;
			children = (
				1934FA131A13AB7500874421 /* Share */,
				19AAED251A09742900238146 /* Alert */,
				19AAED111A09364500238146 /* Navigation */,
				19AAECFE1A081BF500238146 /* SDJSPlatformAPI.h */,
				19AAECFF1A081BF500238146 /* SDJSPlatformAPI.m */,
				1938AFF81A0BC78D00647F65 /* SDJSProgressAPI.h */,
				1938AFF91A0BC78D00647F65 /* SDJSProgressAPI.m */,
			);
			path = Platform;
			sourceTree = "<group>";
		};
		19AAED111A09364500238146 /* Navigation */ = {
			isa = PBXGroup;
			children = (
				19AAED121A09364500238146 /* SDJSNavigationAPI.h */,
				19AAED131A09364500238146 /* SDJSNavigationAPI.m */,
				19AAED141A09364500238146 /* SDJSNavigationBarAPI.h */,
				19AAED151A09364500238146 /* SDJSNavigationBarAPI.m */,
				19AAED161A09364500238146 /* SDJSNavigationItem.h */,
				19AAED171A09364500238146 /* SDJSNavigationItem.m */,
			);
			path = Navigation;
			sourceTree = "<group>";
		};
		19AAED251A09742900238146 /* Alert */ = {
			isa = PBXGroup;
			children = (
				19AAED261A09742900238146 /* SDJSAlertAction.h */,
				19AAED271A09742900238146 /* SDJSAlertAction.m */,
			);
			name = Alert;
			path = ../Alert;
			sourceTree = "<group>";
		};
		CA0249C219E70B10007CAAC7 = {
			isa = PBXGroup;
			children = (
				CA024A1B19E885C9007CAAC7 /* JavaScriptCore.framework */,
				CA0249CD19E70B10007CAAC7 /* SDJSBridgeExample */,
				CA0249E719E70B10007CAAC7 /* SDJSBridgeExampleTests */,
				CA0249CC19E70B10007CAAC7 /* Products */,
			);
			sourceTree = "<group>";
		};
		CA0249CC19E70B10007CAAC7 /* Products */ = {
			isa = PBXGroup;
			children = (
				CA0249CB19E70B10007CAAC7 /* SDJSBridgeExample.app */,
				CA0249E419E70B10007CAAC7 /* SDJSBridgeExampleTests.xctest */,
			);
			name = Products;
			sourceTree = "<group>";
		};
		CA0249CD19E70B10007CAAC7 /* SDJSBridgeExample */ = {
			isa = PBXGroup;
			children = (
				196650531A02C04300AAC405 /* example1.html */,
				196C1F2F1A2CF14F008E7FD3 /* example2.html */,
				CA024A1819E884EF007CAAC7 /* Macros */,
				CA024A0B19E88463007CAAC7 /* Configurations */,
				CA0249F419E70B2B007CAAC7 /* SDJSBridge */,
				CA0249D219E70B10007CAAC7 /* AppDelegate.h */,
				CA0249D319E70B10007CAAC7 /* AppDelegate.m */,
				CA0249D519E70B10007CAAC7 /* ViewController.h */,
				CA0249D619E70B10007CAAC7 /* ViewController.m */,
				CA0249DB19E70B10007CAAC7 /* Images.xcassets */,
				CA0249DD19E70B10007CAAC7 /* LaunchScreen.xib */,
				CA0249CE19E70B10007CAAC7 /* Supporting Files */,
			);
			path = SDJSBridgeExample;
			sourceTree = "<group>";
		};
		CA0249CE19E70B10007CAAC7 /* Supporting Files */ = {
			isa = PBXGroup;
			children = (
				CA0249CF19E70B10007CAAC7 /* Info.plist */,
				CA0249D019E70B10007CAAC7 /* main.m */,
			);
			name = "Supporting Files";
			sourceTree = "<group>";
		};
		CA0249E719E70B10007CAAC7 /* SDJSBridgeExampleTests */ = {
			isa = PBXGroup;
			children = (
				19377A911A3742B700B10CEB /* SDJSBridgeTests.m */,
				196C1F2D1A2CE5D4008E7FD3 /* SDJSNavigationAPITests.m */,
				19B3B9A81A2E720E009A5137 /* SDJSNavigationBarAPITests.m */,
				19B3B9AA1A2FA0EB009A5137 /* SDJSNavigationItemTests.m */,
				19377A871A3212CD00B10CEB /* SDJSPlatformAPITests.m */,
				19377A891A32259E00B10CEB /* SDJSShareServiceTests.m */,
				19377A8B1A3227A700B10CEB /* SDJSShareAPITests.m */,
				19377A8D1A36324100B10CEB /* SDJSProgressAPITests.m */,
				19377A8F1A36364900B10CEB /* SDJSTopLevelAPITests.m */,
				19B3B9AC1A2FA21B009A5137 /* XCTestCase+ExampleAppUtilities.h */,
				19B3B9AD1A2FA21B009A5137 /* XCTestCase+ExampleAppUtilities.m */,
				CA0249E819E70B10007CAAC7 /* Supporting Files */,
			);
			path = SDJSBridgeExampleTests;
			sourceTree = "<group>";
		};
		CA0249E819E70B10007CAAC7 /* Supporting Files */ = {
			isa = PBXGroup;
			children = (
				CA0249E919E70B10007CAAC7 /* Info.plist */,
			);
			name = "Supporting Files";
			sourceTree = "<group>";
		};
		CA0249F419E70B2B007CAAC7 /* SDJSBridge */ = {
			isa = PBXGroup;
			children = (
				19AAECFA1A081BF500238146 /* JavaScript API */,
				CA0249F519E70B81007CAAC7 /* SDJSBridge.h */,
				CA0249F619E70B81007CAAC7 /* SDJSBridge.m */,
				CA0249FD19E70FFF007CAAC7 /* SDWebViewController.h */,
				CA0249FE19E70FFF007CAAC7 /* SDWebViewController.m */,
				CA0249F919E70C23007CAAC7 /* UIWebView+SDJSExtensions.h */,
				CA0249FA19E70C23007CAAC7 /* UIWebView+SDJSExtensions.m */,
				19A68C501A1B9E8600D5D057 /* NSString+SDJSExtensions.h */,
				19A68C511A1B9E8600D5D057 /* NSString+SDJSExtensions.m */,
			);
			name = SDJSBridge;
			path = ../../SDJSBridge;
			sourceTree = "<group>";
		};
		CA024A0B19E88463007CAAC7 /* Configurations */ = {
			isa = PBXGroup;
			children = (
				CA024A0C19E88463007CAAC7 /* Global-iOS.xcconfig */,
				CA024A0D19E88463007CAAC7 /* Project-iOS-Debug.xcconfig */,
				CA024A0E19E88463007CAAC7 /* Project-iOS-Release.xcconfig */,
			);
			name = Configurations;
			path = ../../Configurations;
			sourceTree = "<group>";
		};
		CA024A1819E884EF007CAAC7 /* Macros */ = {
			isa = PBXGroup;
			children = (
				CA024A1919E884EF007CAAC7 /* ObjectiveCGenerics.h */,
				CA024A1A19E884EF007CAAC7 /* SDMacros.h */,
			);
			name = Macros;
			path = ../../Macros;
			sourceTree = "<group>";
		};
/* End PBXGroup section */

/* Begin PBXNativeTarget section */
		CA0249CA19E70B10007CAAC7 /* SDJSBridgeExample */ = {
			isa = PBXNativeTarget;
			buildConfigurationList = CA0249EE19E70B10007CAAC7 /* Build configuration list for PBXNativeTarget "SDJSBridgeExample" */;
			buildPhases = (
				CA0249C719E70B10007CAAC7 /* Sources */,
				CA0249C819E70B10007CAAC7 /* Frameworks */,
				CA0249C919E70B10007CAAC7 /* Resources */,
			);
			buildRules = (
			);
			dependencies = (
			);
			name = SDJSBridgeExample;
			productName = SDJSBridgeExample;
			productReference = CA0249CB19E70B10007CAAC7 /* SDJSBridgeExample.app */;
			productType = "com.apple.product-type.application";
		};
		CA0249E319E70B10007CAAC7 /* SDJSBridgeExampleTests */ = {
			isa = PBXNativeTarget;
			buildConfigurationList = CA0249F119E70B10007CAAC7 /* Build configuration list for PBXNativeTarget "SDJSBridgeExampleTests" */;
			buildPhases = (
				CA0249E019E70B10007CAAC7 /* Sources */,
				CA0249E119E70B10007CAAC7 /* Frameworks */,
				CA0249E219E70B10007CAAC7 /* Resources */,
			);
			buildRules = (
			);
			dependencies = (
				CA0249E619E70B10007CAAC7 /* PBXTargetDependency */,
			);
			name = SDJSBridgeExampleTests;
			productName = SDJSBridgeExampleTests;
			productReference = CA0249E419E70B10007CAAC7 /* SDJSBridgeExampleTests.xctest */;
			productType = "com.apple.product-type.bundle.unit-test";
		};
/* End PBXNativeTarget section */

/* Begin PBXProject section */
		CA0249C319E70B10007CAAC7 /* Project object */ = {
			isa = PBXProject;
			attributes = {
				LastUpgradeCheck = 0610;
				ORGANIZATIONNAME = SetDirection;
				TargetAttributes = {
					CA0249CA19E70B10007CAAC7 = {
						CreatedOnToolsVersion = 6.1;
					};
					CA0249E319E70B10007CAAC7 = {
						CreatedOnToolsVersion = 6.1;
						TestTargetID = CA0249CA19E70B10007CAAC7;
					};
				};
			};
			buildConfigurationList = CA0249C619E70B10007CAAC7 /* Build configuration list for PBXProject "SDJSBridgeExample" */;
			compatibilityVersion = "Xcode 3.2";
			developmentRegion = English;
			hasScannedForEncodings = 0;
			knownRegions = (
				en,
				Base,
			);
			mainGroup = CA0249C219E70B10007CAAC7;
			productRefGroup = CA0249CC19E70B10007CAAC7 /* Products */;
			projectDirPath = "";
			projectRoot = "";
			targets = (
				CA0249CA19E70B10007CAAC7 /* SDJSBridgeExample */,
				CA0249E319E70B10007CAAC7 /* SDJSBridgeExampleTests */,
			);
		};
/* End PBXProject section */

/* Begin PBXResourcesBuildPhase section */
		CA0249C919E70B10007CAAC7 /* Resources */ = {
			isa = PBXResourcesBuildPhase;
			buildActionMask = 2147483647;
			files = (
				CA024A1419E88463007CAAC7 /* Project-iOS-Release.xcconfig in Resources */,
				CA0249DF19E70B10007CAAC7 /* LaunchScreen.xib in Resources */,
				CA0249DC19E70B10007CAAC7 /* Images.xcassets in Resources */,
				CA024A1019E88463007CAAC7 /* Global-iOS.xcconfig in Resources */,
				196C1F301A2CF14F008E7FD3 /* example2.html in Resources */,
				CA024A1219E88463007CAAC7 /* Project-iOS-Debug.xcconfig in Resources */,
				196650541A02C04300AAC405 /* example1.html in Resources */,
			);
			runOnlyForDeploymentPostprocessing = 0;
		};
		CA0249E219E70B10007CAAC7 /* Resources */ = {
			isa = PBXResourcesBuildPhase;
			buildActionMask = 2147483647;
			files = (
				CA024A1519E88463007CAAC7 /* Project-iOS-Release.xcconfig in Resources */,
				CA024A1319E88463007CAAC7 /* Project-iOS-Debug.xcconfig in Resources */,
				CA024A1119E88463007CAAC7 /* Global-iOS.xcconfig in Resources */,
			);
			runOnlyForDeploymentPostprocessing = 0;
		};
/* End PBXResourcesBuildPhase section */

/* Begin PBXSourcesBuildPhase section */
		CA0249C719E70B10007CAAC7 /* Sources */ = {
			isa = PBXSourcesBuildPhase;
			buildActionMask = 2147483647;
			files = (
				19AAED191A09364500238146 /* SDJSNavigationBarAPI.m in Sources */,
				19AAED181A09364500238146 /* SDJSNavigationAPI.m in Sources */,
				CA0249FB19E70C23007CAAC7 /* UIWebView+SDJSExtensions.m in Sources */,
				1938AFFA1A0BC78D00647F65 /* SDJSProgressAPI.m in Sources */,
				CA0249F719E70B81007CAAC7 /* SDJSBridge.m in Sources */,
				19AAED071A081C2600238146 /* SDJSBridgeScript.m in Sources */,
				CA0249D719E70B10007CAAC7 /* ViewController.m in Sources */,
				19AAED1A1A09364500238146 /* SDJSNavigationItem.m in Sources */,
				CA0249D419E70B10007CAAC7 /* AppDelegate.m in Sources */,
				CA0249FF19E70FFF007CAAC7 /* SDWebViewController.m in Sources */,
				19A68C4F1A14FE5B00D5D057 /* SDJSShareService.m in Sources */,
				19A68C521A1B9E8600D5D057 /* NSString+SDJSExtensions.m in Sources */,
				1934FA161A13AFAA00874421 /* SDJSShareAPI.m in Sources */,
				CA0249D119E70B10007CAAC7 /* main.m in Sources */,
				19AAED281A09742900238146 /* SDJSAlertAction.m in Sources */,
				19AAED031A081BF500238146 /* SDJSPlatformAPI.m in Sources */,
				19AAED041A081BF500238146 /* SDJSTopLevelAPI.m in Sources */,
				19AAED241A096FBB00238146 /* SDJSBridgeResponder.m in Sources */,
			);
			runOnlyForDeploymentPostprocessing = 0;
		};
		CA0249E019E70B10007CAAC7 /* Sources */ = {
			isa = PBXSourcesBuildPhase;
			buildActionMask = 2147483647;
			files = (
				CA024A0019E70FFF007CAAC7 /* SDWebViewController.m in Sources */,
				CA0249F819E70B81007CAAC7 /* SDJSBridge.m in Sources */,
				19B3B9AB1A2FA0EB009A5137 /* SDJSNavigationItemTests.m in Sources */,
				19377A921A3742B700B10CEB /* SDJSBridgeTests.m in Sources */,
				19377A8A1A32259E00B10CEB /* SDJSShareServiceTests.m in Sources */,
				19B3B9AE1A2FA21B009A5137 /* XCTestCase+ExampleAppUtilities.m in Sources */,
				19377A901A36364900B10CEB /* SDJSTopLevelAPITests.m in Sources */,
				196C1F2E1A2CE5D4008E7FD3 /* SDJSNavigationAPITests.m in Sources */,
				19377A8C1A3227A700B10CEB /* SDJSShareAPITests.m in Sources */,
				19377A8E1A36324100B10CEB /* SDJSProgressAPITests.m in Sources */,
				19B3B9A91A2E720E009A5137 /* SDJSNavigationBarAPITests.m in Sources */,
				CA0249FC19E70C23007CAAC7 /* UIWebView+SDJSExtensions.m in Sources */,
				19377A881A3212CD00B10CEB /* SDJSPlatformAPITests.m in Sources */,
			);
			runOnlyForDeploymentPostprocessing = 0;
		};
/* End PBXSourcesBuildPhase section */

/* Begin PBXTargetDependency section */
		CA0249E619E70B10007CAAC7 /* PBXTargetDependency */ = {
			isa = PBXTargetDependency;
			target = CA0249CA19E70B10007CAAC7 /* SDJSBridgeExample */;
			targetProxy = CA0249E519E70B10007CAAC7 /* PBXContainerItemProxy */;
		};
/* End PBXTargetDependency section */

/* Begin PBXVariantGroup section */
		CA0249DD19E70B10007CAAC7 /* LaunchScreen.xib */ = {
			isa = PBXVariantGroup;
			children = (
				CA0249DE19E70B10007CAAC7 /* Base */,
			);
			name = LaunchScreen.xib;
			sourceTree = "<group>";
		};
/* End PBXVariantGroup section */

/* Begin XCBuildConfiguration section */
		CA0249EC19E70B10007CAAC7 /* Debug */ = {
			isa = XCBuildConfiguration;
			baseConfigurationReference = CA024A0D19E88463007CAAC7 /* Project-iOS-Debug.xcconfig */;
			buildSettings = {
				ALWAYS_SEARCH_USER_PATHS = NO;
				CLANG_CXX_LANGUAGE_STANDARD = "gnu++0x";
				CLANG_CXX_LIBRARY = "libc++";
				CLANG_ENABLE_MODULES = YES;
				CLANG_ENABLE_OBJC_ARC = YES;
				CLANG_WARN_BOOL_CONVERSION = YES;
				CLANG_WARN_CONSTANT_CONVERSION = YES;
				CLANG_WARN_DIRECT_OBJC_ISA_USAGE = YES_ERROR;
				CLANG_WARN_EMPTY_BODY = YES;
				CLANG_WARN_ENUM_CONVERSION = YES;
				CLANG_WARN_INT_CONVERSION = YES;
				CLANG_WARN_OBJC_ROOT_CLASS = YES_ERROR;
				CLANG_WARN_UNREACHABLE_CODE = YES;
				CLANG_WARN__DUPLICATE_METHOD_MATCH = YES;
				"CODE_SIGN_IDENTITY[sdk=iphoneos*]" = "iPhone Developer";
				COPY_PHASE_STRIP = NO;
				ENABLE_STRICT_OBJC_MSGSEND = YES;
				GCC_C_LANGUAGE_STANDARD = gnu99;
				GCC_DYNAMIC_NO_PIC = NO;
				GCC_OPTIMIZATION_LEVEL = 0;
				GCC_PREPROCESSOR_DEFINITIONS = (
					"DEBUG=1",
					"$(inherited)",
				);
				GCC_SYMBOLS_PRIVATE_EXTERN = NO;
				GCC_WARN_64_TO_32_BIT_CONVERSION = YES;
				GCC_WARN_ABOUT_RETURN_TYPE = YES_ERROR;
				GCC_WARN_UNDECLARED_SELECTOR = YES;
				GCC_WARN_UNINITIALIZED_AUTOS = YES_AGGRESSIVE;
				GCC_WARN_UNUSED_FUNCTION = YES;
				GCC_WARN_UNUSED_VARIABLE = YES;
				IPHONEOS_DEPLOYMENT_TARGET = 8.1;
				MTL_ENABLE_DEBUG_INFO = YES;
				ONLY_ACTIVE_ARCH = YES;
				SDKROOT = iphoneos;
			};
			name = Debug;
		};
		CA0249ED19E70B10007CAAC7 /* Release */ = {
			isa = XCBuildConfiguration;
			baseConfigurationReference = CA024A0E19E88463007CAAC7 /* Project-iOS-Release.xcconfig */;
			buildSettings = {
				ALWAYS_SEARCH_USER_PATHS = NO;
				CLANG_CXX_LANGUAGE_STANDARD = "gnu++0x";
				CLANG_CXX_LIBRARY = "libc++";
				CLANG_ENABLE_MODULES = YES;
				CLANG_ENABLE_OBJC_ARC = YES;
				CLANG_WARN_BOOL_CONVERSION = YES;
				CLANG_WARN_CONSTANT_CONVERSION = YES;
				CLANG_WARN_DIRECT_OBJC_ISA_USAGE = YES_ERROR;
				CLANG_WARN_EMPTY_BODY = YES;
				CLANG_WARN_ENUM_CONVERSION = YES;
				CLANG_WARN_INT_CONVERSION = YES;
				CLANG_WARN_OBJC_ROOT_CLASS = YES_ERROR;
				CLANG_WARN_UNREACHABLE_CODE = YES;
				CLANG_WARN__DUPLICATE_METHOD_MATCH = YES;
				"CODE_SIGN_IDENTITY[sdk=iphoneos*]" = "iPhone Developer";
				COPY_PHASE_STRIP = YES;
				ENABLE_NS_ASSERTIONS = NO;
				ENABLE_STRICT_OBJC_MSGSEND = YES;
				GCC_C_LANGUAGE_STANDARD = gnu99;
				GCC_WARN_64_TO_32_BIT_CONVERSION = YES;
				GCC_WARN_ABOUT_RETURN_TYPE = YES_ERROR;
				GCC_WARN_UNDECLARED_SELECTOR = YES;
				GCC_WARN_UNINITIALIZED_AUTOS = YES_AGGRESSIVE;
				GCC_WARN_UNUSED_FUNCTION = YES;
				GCC_WARN_UNUSED_VARIABLE = YES;
				IPHONEOS_DEPLOYMENT_TARGET = 8.1;
				MTL_ENABLE_DEBUG_INFO = NO;
				SDKROOT = iphoneos;
				VALIDATE_PRODUCT = YES;
			};
			name = Release;
		};
		CA0249EF19E70B10007CAAC7 /* Debug */ = {
			isa = XCBuildConfiguration;
			baseConfigurationReference = CA024A0D19E88463007CAAC7 /* Project-iOS-Debug.xcconfig */;
			buildSettings = {
				ASSETCATALOG_COMPILER_APPICON_NAME = AppIcon;
				INFOPLIST_FILE = SDJSBridgeExample/Info.plist;
				LD_RUNPATH_SEARCH_PATHS = "$(inherited) @executable_path/Frameworks";
				PRODUCT_NAME = "$(TARGET_NAME)";
			};
			name = Debug;
		};
		CA0249F019E70B10007CAAC7 /* Release */ = {
			isa = XCBuildConfiguration;
			baseConfigurationReference = CA024A0E19E88463007CAAC7 /* Project-iOS-Release.xcconfig */;
			buildSettings = {
				ASSETCATALOG_COMPILER_APPICON_NAME = AppIcon;
				INFOPLIST_FILE = SDJSBridgeExample/Info.plist;
				LD_RUNPATH_SEARCH_PATHS = "$(inherited) @executable_path/Frameworks";
				PRODUCT_NAME = "$(TARGET_NAME)";
			};
			name = Release;
		};
		CA0249F219E70B10007CAAC7 /* Debug */ = {
			isa = XCBuildConfiguration;
			baseConfigurationReference = CA024A0D19E88463007CAAC7 /* Project-iOS-Debug.xcconfig */;
			buildSettings = {
				BUNDLE_LOADER = "$(TEST_HOST)";
				FRAMEWORK_SEARCH_PATHS = (
					"$(SDKROOT)/Developer/Library/Frameworks",
					"$(inherited)",
				);
				GCC_PREPROCESSOR_DEFINITIONS = (
					"DEBUG=1",
					"$(inherited)",
				);
				INFOPLIST_FILE = SDJSBridgeExampleTests/Info.plist;
				LD_RUNPATH_SEARCH_PATHS = "$(inherited) @executable_path/Frameworks @loader_path/Frameworks";
				PRODUCT_NAME = "$(TARGET_NAME)";
				TEST_HOST = "$(BUILT_PRODUCTS_DIR)/SDJSBridgeExample.app/SDJSBridgeExample";
			};
			name = Debug;
		};
		CA0249F319E70B10007CAAC7 /* Release */ = {
			isa = XCBuildConfiguration;
			baseConfigurationReference = CA024A0E19E88463007CAAC7 /* Project-iOS-Release.xcconfig */;
			buildSettings = {
				BUNDLE_LOADER = "$(TEST_HOST)";
				FRAMEWORK_SEARCH_PATHS = (
					"$(SDKROOT)/Developer/Library/Frameworks",
					"$(inherited)",
				);
				INFOPLIST_FILE = SDJSBridgeExampleTests/Info.plist;
				LD_RUNPATH_SEARCH_PATHS = "$(inherited) @executable_path/Frameworks @loader_path/Frameworks";
				PRODUCT_NAME = "$(TARGET_NAME)";
				TEST_HOST = "$(BUILT_PRODUCTS_DIR)/SDJSBridgeExample.app/SDJSBridgeExample";
			};
			name = Release;
		};
/* End XCBuildConfiguration section */

/* Begin XCConfigurationList section */
		CA0249C619E70B10007CAAC7 /* Build configuration list for PBXProject "SDJSBridgeExample" */ = {
			isa = XCConfigurationList;
			buildConfigurations = (
				CA0249EC19E70B10007CAAC7 /* Debug */,
				CA0249ED19E70B10007CAAC7 /* Release */,
			);
			defaultConfigurationIsVisible = 0;
			defaultConfigurationName = Release;
		};
		CA0249EE19E70B10007CAAC7 /* Build configuration list for PBXNativeTarget "SDJSBridgeExample" */ = {
			isa = XCConfigurationList;
			buildConfigurations = (
				CA0249EF19E70B10007CAAC7 /* Debug */,
				CA0249F019E70B10007CAAC7 /* Release */,
			);
			defaultConfigurationIsVisible = 0;
			defaultConfigurationName = Release;
		};
		CA0249F119E70B10007CAAC7 /* Build configuration list for PBXNativeTarget "SDJSBridgeExampleTests" */ = {
			isa = XCConfigurationList;
			buildConfigurations = (
				CA0249F219E70B10007CAAC7 /* Debug */,
				CA0249F319E70B10007CAAC7 /* Release */,
			);
			defaultConfigurationIsVisible = 0;
			defaultConfigurationName = Release;
		};
/* End XCConfigurationList section */
	};
	rootObject = CA0249C319E70B10007CAAC7 /* Project object */;
}
